// !$*UTF8*$!
{
	archiveVersion = 1;
	classes = {
	};
	objectVersion = 56;
	objects = {

/* Begin PBXBuildFile section */
		012CF2582AB29C5D0098BAE3 /* AppDelegate.m in Sources */ = {isa = PBXBuildFile; fileRef = 012CF2572AB29C5D0098BAE3 /* AppDelegate.m */; };
		012CF25B2AB29C5D0098BAE3 /* SceneDelegate.m in Sources */ = {isa = PBXBuildFile; fileRef = 012CF25A2AB29C5D0098BAE3 /* SceneDelegate.m */; };
		012CF25E2AB29C5D0098BAE3 /* ViewController.m in Sources */ = {isa = PBXBuildFile; fileRef = 012CF25D2AB29C5D0098BAE3 /* ViewController.m */; };
		012CF2612AB29C5D0098BAE3 /* Main.storyboard in Resources */ = {isa = PBXBuildFile; fileRef = 012CF25F2AB29C5D0098BAE3 /* Main.storyboard */; };
		012CF2632AB29C5F0098BAE3 /* Assets.xcassets in Resources */ = {isa = PBXBuildFile; fileRef = 012CF2622AB29C5F0098BAE3 /* Assets.xcassets */; };
		012CF2662AB29C5F0098BAE3 /* LaunchScreen.storyboard in Resources */ = {isa = PBXBuildFile; fileRef = 012CF2642AB29C5F0098BAE3 /* LaunchScreen.storyboard */; };
		012CF2692AB29C5F0098BAE3 /* main.m in Sources */ = {isa = PBXBuildFile; fileRef = 012CF2682AB29C5F0098BAE3 /* main.m */; };
		014AC7E82AB82A3900987570 /* MothballSeriouslyModel.m in Sources */ = {isa = PBXBuildFile; fileRef = 014AC7902AB82A3900987570 /* MothballSeriouslyModel.m */; };
		014AC7E92AB82A3900987570 /* PrognitorStetsonModel.m in Sources */ = {isa = PBXBuildFile; fileRef = 014AC7912AB82A3900987570 /* PrognitorStetsonModel.m */; };
		014AC7EA2AB82A3900987570 /* StdiosZonkedKeenlyModel.m in Sources */ = {isa = PBXBuildFile; fileRef = 014AC7922AB82A3900987570 /* StdiosZonkedKeenlyModel.m */; };
		014AC7EB2AB82A3900987570 /* BasqRuskUnanimousModel.m in Sources */ = {isa = PBXBuildFile; fileRef = 014AC7982AB82A3900987570 /* BasqRuskUnanimousModel.m */; };
		014AC7EC2AB82A3900987570 /* PrognitorMesmericManager.m in Sources */ = {isa = PBXBuildFile; fileRef = 014AC79A2AB82A3900987570 /* PrognitorMesmericManager.m */; };
		014AC7ED2AB82A3900987570 /* LayttEngagedBanditoViewController.m in Sources */ = {isa = PBXBuildFile; fileRef = 014AC79D2AB82A3900987570 /* LayttEngagedBanditoViewController.m */; };
		014AC7EE2AB82A3900987570 /* SothastrnDumdumManager.m in Sources */ = {isa = PBXBuildFile; fileRef = 014AC79E2AB82A3900987570 /* SothastrnDumdumManager.m */; };
		014AC7EF2AB82A3900987570 /* SothastrnFixTameManager.m in Sources */ = {isa = PBXBuildFile; fileRef = 014AC79F2AB82A3900987570 /* SothastrnFixTameManager.m */; };
		014AC7F02AB82A3900987570 /* VrZonkedGunshotManager.m in Sources */ = {isa = PBXBuildFile; fileRef = 014AC7A22AB82A3900987570 /* VrZonkedGunshotManager.m */; };
		014AC7F12AB82A3900987570 /* BrindlIllywhackerJigController.m in Sources */ = {isa = PBXBuildFile; fileRef = 014AC7A42AB82A3900987570 /* BrindlIllywhackerJigController.m */; };
		014AC7F22AB82A3900987570 /* RadicatRuskSkewedViewController.m in Sources */ = {isa = PBXBuildFile; fileRef = 014AC7A52AB82A3900987570 /* RadicatRuskSkewedViewController.m */; };
		014AC7F32AB82A3900987570 /* VrFormerGownController.m in Sources */ = {isa = PBXBuildFile; fileRef = 014AC7A82AB82A3900987570 /* VrFormerGownController.m */; };
		014AC7F42AB82A3900987570 /* NdrdonCircumferenceViewController.m in Sources */ = {isa = PBXBuildFile; fileRef = 014AC7A92AB82A3900987570 /* NdrdonCircumferenceViewController.m */; };
		014AC7F52AB82A3900987570 /* GophrHolmiumSnatchViewController.m in Sources */ = {isa = PBXBuildFile; fileRef = 014AC7AB2AB82A3900987570 /* GophrHolmiumSnatchViewController.m */; };
		014AC7F62AB82A3900987570 /* LayttFrictionManager.m in Sources */ = {isa = PBXBuildFile; fileRef = 014AC7AC2AB82A3900987570 /* LayttFrictionManager.m */; };
		014AC7F72AB82A3900987570 /* VrStairliftInfluxViewController.m in Sources */ = {isa = PBXBuildFile; fileRef = 014AC7B02AB82A3900987570 /* VrStairliftInfluxViewController.m */; };
		014AC7F82AB82A3900987570 /* AirflowDeftVigourViewController.m in Sources */ = {isa = PBXBuildFile; fileRef = 014AC7B22AB82A3900987570 /* AirflowDeftVigourViewController.m */; };
		014AC7F92AB82A3900987570 /* BrindlWestSubtendModel.m in Sources */ = {isa = PBXBuildFile; fileRef = 014AC7B52AB82A3900987570 /* BrindlWestSubtendModel.m */; };
		014AC7FA2AB82A3900987570 /* MckWholenessYearlModel.m in Sources */ = {isa = PBXBuildFile; fileRef = 014AC7B72AB82A3900987570 /* MckWholenessYearlModel.m */; };
		014AC7FB2AB82A3900987570 /* VrCircumciseModel.m in Sources */ = {isa = PBXBuildFile; fileRef = 014AC7B82AB82A3900987570 /* VrCircumciseModel.m */; };
		014AC7FC2AB82A3900987570 /* NdrdonBetrothalCell.m in Sources */ = {isa = PBXBuildFile; fileRef = 014AC7BB2AB82A3900987570 /* NdrdonBetrothalCell.m */; };
		014AC7FD2AB82A3900987570 /* MckWilcoVariableCell.m in Sources */ = {isa = PBXBuildFile; fileRef = 014AC7C42AB82A3900987570 /* MckWilcoVariableCell.m */; };
		014AC7FE2AB82A3900987570 /* VpGaietyRoundwormManager.m in Sources */ = {isa = PBXBuildFile; fileRef = 014AC7C52AB82A3900987570 /* VpGaietyRoundwormManager.m */; };
		014AC7FF2AB82A3900987570 /* AssmPhotonFecalManager.m in Sources */ = {isa = PBXBuildFile; fileRef = 014AC7C62AB82A3900987570 /* AssmPhotonFecalManager.m */; };
		014AC8002AB82A3900987570 /* MckVisuallyApronView.m in Sources */ = {isa = PBXBuildFile; fileRef = 014AC7C72AB82A3900987570 /* MckVisuallyApronView.m */; };
		014AC8012AB82A3900987570 /* GophrFixKnapsackCell.m in Sources */ = {isa = PBXBuildFile; fileRef = 014AC7C82AB82A3900987570 /* GophrFixKnapsackCell.m */; };
		014AC8022AB82A3900987570 /* FryHideawayUtiliseManager.m in Sources */ = {isa = PBXBuildFile; fileRef = 014AC7CA2AB82A3900987570 /* FryHideawayUtiliseManager.m */; };
		014AC8032AB82A3900987570 /* BasqScathElanCell.m in Sources */ = {isa = PBXBuildFile; fileRef = 014AC7CB2AB82A3900987570 /* BasqScathElanCell.m */; };
		014AC8042AB82A3900987570 /* GophrGaietyMangyCell.m in Sources */ = {isa = PBXBuildFile; fileRef = 014AC7D02AB82A3900987570 /* GophrGaietyMangyCell.m */; };
		014AC8052AB82A3900987570 /* PrognitorFledglView.m in Sources */ = {isa = PBXBuildFile; fileRef = 014AC7D12AB82A3900987570 /* PrognitorFledglView.m */; };
		014AC8062AB82A3900987570 /* StdiosExtantOffloadView.m in Sources */ = {isa = PBXBuildFile; fileRef = 014AC7D22AB82A3900987570 /* StdiosExtantOffloadView.m */; };
		014AC8072AB82A3900987570 /* FryIllywhackerVainlyCell.m in Sources */ = {isa = PBXBuildFile; fileRef = 014AC7D32AB82A3900987570 /* FryIllywhackerVainlyCell.m */; };
		014AC8082AB82A3900987570 /* OrganisationalAboard.m in Sources */ = {isa = PBXBuildFile; fileRef = 014AC7D62AB82A3900987570 /* OrganisationalAboard.m */; };
		014AC8092AB82A3900987570 /* FreDeflateSeriouslyView.m in Sources */ = {isa = PBXBuildFile; fileRef = 014AC7D82AB82A3900987570 /* FreDeflateSeriouslyView.m */; };
		014AC80A2AB82A3900987570 /* FreEvaluatorView.m in Sources */ = {isa = PBXBuildFile; fileRef = 014AC7D92AB82A3900987570 /* FreEvaluatorView.m */; };
		014AC80B2AB82A3900987570 /* LayttHideawayIntentManager.m in Sources */ = {isa = PBXBuildFile; fileRef = 014AC7DA2AB82A3900987570 /* LayttHideawayIntentManager.m */; };
		014AC80C2AB82A3900987570 /* GophrGaietyMangaCell.m in Sources */ = {isa = PBXBuildFile; fileRef = 014AC7DD2AB82A3900987570 /* GophrGaietyMangaCell.m */; };
		014AC80D2AB82A3900987570 /* RadicatHomebodyCell.m in Sources */ = {isa = PBXBuildFile; fileRef = 014AC7E12AB82A3900987570 /* RadicatHomebodyCell.m */; };
		014AC80E2AB82A3900987570 /* AirflowInfluxView.m in Sources */ = {isa = PBXBuildFile; fileRef = 014AC7E22AB82A3900987570 /* AirflowInfluxView.m */; };
		014AC80F2AB82A3900987570 /* ObsDeflateChinwag.m in Sources */ = {isa = PBXBuildFile; fileRef = 014AC7E32AB82A3900987570 /* ObsDeflateChinwag.m */; };
		014AC8102AB82A3900987570 /* MothballInternet.m in Sources */ = {isa = PBXBuildFile; fileRef = 014AC7E42AB82A3900987570 /* MothballInternet.m */; };
		014AC8112AB82A3900987570 /* AirflowBetrothal.m in Sources */ = {isa = PBXBuildFile; fileRef = 014AC7E72AB82A3900987570 /* AirflowBetrothal.m */; };
		6C6D4E2A8966EF494220043F /* Pods_Runner.framework in Frameworks */ = {isa = PBXBuildFile; fileRef = C0988C75D0BCBA89E353F2D9 /* Pods_Runner.framework */; };
/* End PBXBuildFile section */

/* Begin PBXFileReference section */
		012CF2532AB29C5D0098BAE3 /* Runner.app */ = {isa = PBXFileReference; explicitFileType = wrapper.application; includeInIndex = 0; path = Runner.app; sourceTree = BUILT_PRODUCTS_DIR; };
		012CF2562AB29C5D0098BAE3 /* AppDelegate.h */ = {isa = PBXFileReference; lastKnownFileType = sourcecode.c.h; path = AppDelegate.h; sourceTree = "<group>"; };
		012CF2572AB29C5D0098BAE3 /* AppDelegate.m */ = {isa = PBXFileReference; lastKnownFileType = sourcecode.c.objc; path = AppDelegate.m; sourceTree = "<group>"; };
		012CF2592AB29C5D0098BAE3 /* SceneDelegate.h */ = {isa = PBXFileReference; lastKnownFileType = sourcecode.c.h; path = SceneDelegate.h; sourceTree = "<group>"; };
		012CF25A2AB29C5D0098BAE3 /* SceneDelegate.m */ = {isa = PBXFileReference; lastKnownFileType = sourcecode.c.objc; path = SceneDelegate.m; sourceTree = "<group>"; };
		012CF25C2AB29C5D0098BAE3 /* ViewController.h */ = {isa = PBXFileReference; lastKnownFileType = sourcecode.c.h; path = ViewController.h; sourceTree = "<group>"; };
		012CF25D2AB29C5D0098BAE3 /* ViewController.m */ = {isa = PBXFileReference; lastKnownFileType = sourcecode.c.objc; path = ViewController.m; sourceTree = "<group>"; };
		012CF2602AB29C5D0098BAE3 /* Base */ = {isa = PBXFileReference; lastKnownFileType = file.storyboard; name = Base; path = Base.lproj/Main.storyboard; sourceTree = "<group>"; };
		012CF2622AB29C5F0098BAE3 /* Assets.xcassets */ = {isa = PBXFileReference; lastKnownFileType = folder.assetcatalog; path = Assets.xcassets; sourceTree = "<group>"; };
		012CF2652AB29C5F0098BAE3 /* Base */ = {isa = PBXFileReference; lastKnownFileType = file.storyboard; name = Base; path = Base.lproj/LaunchScreen.storyboard; sourceTree = "<group>"; };
		012CF2672AB29C5F0098BAE3 /* Info.plist */ = {isa = PBXFileReference; lastKnownFileType = text.plist.xml; path = Info.plist; sourceTree = "<group>"; };
		012CF2682AB29C5F0098BAE3 /* main.m */ = {isa = PBXFileReference; lastKnownFileType = sourcecode.c.objc; path = main.m; sourceTree = "<group>"; };
		012CF2D52AB2AD120098BAE3 /* PrefixHeader.pch */ = {isa = PBXFileReference; fileEncoding = 4; lastKnownFileType = sourcecode.c.h; path = PrefixHeader.pch; sourceTree = SOURCE_ROOT; };
		014AC7902AB82A3900987570 /* MothballSeriouslyModel.m */ = {isa = PBXFileReference; fileEncoding = 4; lastKnownFileType = sourcecode.c.objc; path = MothballSeriouslyModel.m; sourceTree = "<group>"; };
		014AC7912AB82A3900987570 /* PrognitorStetsonModel.m */ = {isa = PBXFileReference; fileEncoding = 4; lastKnownFileType = sourcecode.c.objc; path = PrognitorStetsonModel.m; sourceTree = "<group>"; };
		014AC7922AB82A3900987570 /* StdiosZonkedKeenlyModel.m */ = {isa = PBXFileReference; fileEncoding = 4; lastKnownFileType = sourcecode.c.objc; path = StdiosZonkedKeenlyModel.m; sourceTree = "<group>"; };
		014AC7932AB82A3900987570 /* MothballSeriouslyModel.h */ = {isa = PBXFileReference; fileEncoding = 4; lastKnownFileType = sourcecode.c.h; path = MothballSeriouslyModel.h; sourceTree = "<group>"; };
		014AC7942AB82A3900987570 /* StdiosZonkedKeenlyModel.h */ = {isa = PBXFileReference; fileEncoding = 4; lastKnownFileType = sourcecode.c.h; path = StdiosZonkedKeenlyModel.h; sourceTree = "<group>"; };
		014AC7952AB82A3900987570 /* PrognitorStetsonModel.h */ = {isa = PBXFileReference; fileEncoding = 4; lastKnownFileType = sourcecode.c.h; path = PrognitorStetsonModel.h; sourceTree = "<group>"; };
		014AC7972AB82A3900987570 /* NdrdonCircumferenceViewController.h */ = {isa = PBXFileReference; fileEncoding = 4; lastKnownFileType = sourcecode.c.h; path = NdrdonCircumferenceViewController.h; sourceTree = "<group>"; };
		014AC7982AB82A3900987570 /* BasqRuskUnanimousModel.m */ = {isa = PBXFileReference; fileEncoding = 4; lastKnownFileType = sourcecode.c.objc; path = BasqRuskUnanimousModel.m; sourceTree = "<group>"; };
		014AC7992AB82A3900987570 /* VrFormerGownController.h */ = {isa = PBXFileReference; fileEncoding = 4; lastKnownFileType = sourcecode.c.h; path = VrFormerGownController.h; sourceTree = "<group>"; };
		014AC79A2AB82A3900987570 /* PrognitorMesmericManager.m */ = {isa = PBXFileReference; fileEncoding = 4; lastKnownFileType = sourcecode.c.objc; path = PrognitorMesmericManager.m; sourceTree = "<group>"; };
		014AC79B2AB82A3900987570 /* RadicatRuskSkewedViewController.h */ = {isa = PBXFileReference; fileEncoding = 4; lastKnownFileType = sourcecode.c.h; path = RadicatRuskSkewedViewController.h; sourceTree = "<group>"; };
		014AC79C2AB82A3900987570 /* GophrHolmiumSnatchViewController.h */ = {isa = PBXFileReference; fileEncoding = 4; lastKnownFileType = sourcecode.c.h; path = GophrHolmiumSnatchViewController.h; sourceTree = "<group>"; };
		014AC79D2AB82A3900987570 /* LayttEngagedBanditoViewController.m */ = {isa = PBXFileReference; fileEncoding = 4; lastKnownFileType = sourcecode.c.objc; path = LayttEngagedBanditoViewController.m; sourceTree = "<group>"; };
		014AC79E2AB82A3900987570 /* SothastrnDumdumManager.m */ = {isa = PBXFileReference; fileEncoding = 4; lastKnownFileType = sourcecode.c.objc; path = SothastrnDumdumManager.m; sourceTree = "<group>"; };
		014AC79F2AB82A3900987570 /* SothastrnFixTameManager.m */ = {isa = PBXFileReference; fileEncoding = 4; lastKnownFileType = sourcecode.c.objc; path = SothastrnFixTameManager.m; sourceTree = "<group>"; };
		014AC7A02AB82A3900987570 /* LayttFrictionManager.h */ = {isa = PBXFileReference; fileEncoding = 4; lastKnownFileType = sourcecode.c.h; path = LayttFrictionManager.h; sourceTree = "<group>"; };
		014AC7A12AB82A3900987570 /* AirflowDeftVigourViewController.h */ = {isa = PBXFileReference; fileEncoding = 4; lastKnownFileType = sourcecode.c.h; path = AirflowDeftVigourViewController.h; sourceTree = "<group>"; };
		014AC7A22AB82A3900987570 /* VrZonkedGunshotManager.m */ = {isa = PBXFileReference; fileEncoding = 4; lastKnownFileType = sourcecode.c.objc; path = VrZonkedGunshotManager.m; sourceTree = "<group>"; };
		014AC7A32AB82A3900987570 /* VrStairliftInfluxViewController.h */ = {isa = PBXFileReference; fileEncoding = 4; lastKnownFileType = sourcecode.c.h; path = VrStairliftInfluxViewController.h; sourceTree = "<group>"; };
		014AC7A42AB82A3900987570 /* BrindlIllywhackerJigController.m */ = {isa = PBXFileReference; fileEncoding = 4; lastKnownFileType = sourcecode.c.objc; path = BrindlIllywhackerJigController.m; sourceTree = "<group>"; };
		014AC7A52AB82A3900987570 /* RadicatRuskSkewedViewController.m */ = {isa = PBXFileReference; fileEncoding = 4; lastKnownFileType = sourcecode.c.objc; path = RadicatRuskSkewedViewController.m; sourceTree = "<group>"; };
		014AC7A62AB82A3900987570 /* PrognitorMesmericManager.h */ = {isa = PBXFileReference; fileEncoding = 4; lastKnownFileType = sourcecode.c.h; path = PrognitorMesmericManager.h; sourceTree = "<group>"; };
		014AC7A72AB82A3900987570 /* BasqRuskUnanimousModel.h */ = {isa = PBXFileReference; fileEncoding = 4; lastKnownFileType = sourcecode.c.h; path = BasqRuskUnanimousModel.h; sourceTree = "<group>"; };
		014AC7A82AB82A3900987570 /* VrFormerGownController.m */ = {isa = PBXFileReference; fileEncoding = 4; lastKnownFileType = sourcecode.c.objc; path = VrFormerGownController.m; sourceTree = "<group>"; };
		014AC7A92AB82A3900987570 /* NdrdonCircumferenceViewController.m */ = {isa = PBXFileReference; fileEncoding = 4; lastKnownFileType = sourcecode.c.objc; path = NdrdonCircumferenceViewController.m; sourceTree = "<group>"; };
		014AC7AA2AB82A3900987570 /* LayttEngagedBanditoViewController.h */ = {isa = PBXFileReference; fileEncoding = 4; lastKnownFileType = sourcecode.c.h; path = LayttEngagedBanditoViewController.h; sourceTree = "<group>"; };
		014AC7AB2AB82A3900987570 /* GophrHolmiumSnatchViewController.m */ = {isa = PBXFileReference; fileEncoding = 4; lastKnownFileType = sourcecode.c.objc; path = GophrHolmiumSnatchViewController.m; sourceTree = "<group>"; };
		014AC7AC2AB82A3900987570 /* LayttFrictionManager.m */ = {isa = PBXFileReference; fileEncoding = 4; lastKnownFileType = sourcecode.c.objc; path = LayttFrictionManager.m; sourceTree = "<group>"; };
		014AC7AD2AB82A3900987570 /* SothastrnFixTameManager.h */ = {isa = PBXFileReference; fileEncoding = 4; lastKnownFileType = sourcecode.c.h; path = SothastrnFixTameManager.h; sourceTree = "<group>"; };
		014AC7AE2AB82A3900987570 /* SothastrnDumdumManager.h */ = {isa = PBXFileReference; fileEncoding = 4; lastKnownFileType = sourcecode.c.h; path = SothastrnDumdumManager.h; sourceTree = "<group>"; };
		014AC7AF2AB82A3900987570 /* BrindlIllywhackerJigController.h */ = {isa = PBXFileReference; fileEncoding = 4; lastKnownFileType = sourcecode.c.h; path = BrindlIllywhackerJigController.h; sourceTree = "<group>"; };
		014AC7B02AB82A3900987570 /* VrStairliftInfluxViewController.m */ = {isa = PBXFileReference; fileEncoding = 4; lastKnownFileType = sourcecode.c.objc; path = VrStairliftInfluxViewController.m; sourceTree = "<group>"; };
		014AC7B12AB82A3900987570 /* VrZonkedGunshotManager.h */ = {isa = PBXFileReference; fileEncoding = 4; lastKnownFileType = sourcecode.c.h; path = VrZonkedGunshotManager.h; sourceTree = "<group>"; };
		014AC7B22AB82A3900987570 /* AirflowDeftVigourViewController.m */ = {isa = PBXFileReference; fileEncoding = 4; lastKnownFileType = sourcecode.c.objc; path = AirflowDeftVigourViewController.m; sourceTree = "<group>"; };
		014AC7B42AB82A3900987570 /* MckWholenessYearlModel.h */ = {isa = PBXFileReference; fileEncoding = 4; lastKnownFileType = sourcecode.c.h; path = MckWholenessYearlModel.h; sourceTree = "<group>"; };
		014AC7B52AB82A3900987570 /* BrindlWestSubtendModel.m */ = {isa = PBXFileReference; fileEncoding = 4; lastKnownFileType = sourcecode.c.objc; path = BrindlWestSubtendModel.m; sourceTree = "<group>"; };
		014AC7B62AB82A3900987570 /* VrCircumciseModel.h */ = {isa = PBXFileReference; fileEncoding = 4; lastKnownFileType = sourcecode.c.h; path = VrCircumciseModel.h; sourceTree = "<group>"; };
		014AC7B72AB82A3900987570 /* MckWholenessYearlModel.m */ = {isa = PBXFileReference; fileEncoding = 4; lastKnownFileType = sourcecode.c.objc; path = MckWholenessYearlModel.m; sourceTree = "<group>"; };
		014AC7B82AB82A3900987570 /* VrCircumciseModel.m */ = {isa = PBXFileReference; fileEncoding = 4; lastKnownFileType = sourcecode.c.objc; path = VrCircumciseModel.m; sourceTree = "<group>"; };
		014AC7B92AB82A3900987570 /* BrindlWestSubtendModel.h */ = {isa = PBXFileReference; fileEncoding = 4; lastKnownFileType = sourcecode.c.h; path = BrindlWestSubtendModel.h; sourceTree = "<group>"; };
		014AC7BB2AB82A3900987570 /* NdrdonBetrothalCell.m */ = {isa = PBXFileReference; fileEncoding = 4; lastKnownFileType = sourcecode.c.objc; path = NdrdonBetrothalCell.m; sourceTree = "<group>"; };
		014AC7BC2AB82A3900987570 /* FryIllywhackerVainlyCell.h */ = {isa = PBXFileReference; fileEncoding = 4; lastKnownFileType = sourcecode.c.h; path = FryIllywhackerVainlyCell.h; sourceTree = "<group>"; };
		014AC7BD2AB82A3900987570 /* StdiosExtantOffloadView.h */ = {isa = PBXFileReference; fileEncoding = 4; lastKnownFileType = sourcecode.c.h; path = StdiosExtantOffloadView.h; sourceTree = "<group>"; };
		014AC7BE2AB82A3900987570 /* PrognitorFledglView.h */ = {isa = PBXFileReference; fileEncoding = 4; lastKnownFileType = sourcecode.c.h; path = PrognitorFledglView.h; sourceTree = "<group>"; };
		014AC7BF2AB82A3900987570 /* GophrGaietyMangyCell.h */ = {isa = PBXFileReference; fileEncoding = 4; lastKnownFileType = sourcecode.c.h; path = GophrGaietyMangyCell.h; sourceTree = "<group>"; };
		014AC7C02AB82A3900987570 /* LayttHideawayIntentManager.h */ = {isa = PBXFileReference; fileEncoding = 4; lastKnownFileType = sourcecode.c.h; path = LayttHideawayIntentManager.h; sourceTree = "<group>"; };
		014AC7C12AB82A3900987570 /* FreEvaluatorView.h */ = {isa = PBXFileReference; fileEncoding = 4; lastKnownFileType = sourcecode.c.h; path = FreEvaluatorView.h; sourceTree = "<group>"; };
		014AC7C22AB82A3900987570 /* FreDeflateSeriouslyView.h */ = {isa = PBXFileReference; fileEncoding = 4; lastKnownFileType = sourcecode.c.h; path = FreDeflateSeriouslyView.h; sourceTree = "<group>"; };
		014AC7C32AB82A3900987570 /* OrganisationalAboard.h */ = {isa = PBXFileReference; fileEncoding = 4; lastKnownFileType = sourcecode.c.h; path = OrganisationalAboard.h; sourceTree = "<group>"; };
		014AC7C42AB82A3900987570 /* MckWilcoVariableCell.m */ = {isa = PBXFileReference; fileEncoding = 4; lastKnownFileType = sourcecode.c.objc; path = MckWilcoVariableCell.m; sourceTree = "<group>"; };
		014AC7C52AB82A3900987570 /* VpGaietyRoundwormManager.m */ = {isa = PBXFileReference; fileEncoding = 4; lastKnownFileType = sourcecode.c.objc; path = VpGaietyRoundwormManager.m; sourceTree = "<group>"; };
		014AC7C62AB82A3900987570 /* AssmPhotonFecalManager.m */ = {isa = PBXFileReference; fileEncoding = 4; lastKnownFileType = sourcecode.c.objc; path = AssmPhotonFecalManager.m; sourceTree = "<group>"; };
		014AC7C72AB82A3900987570 /* MckVisuallyApronView.m */ = {isa = PBXFileReference; fileEncoding = 4; lastKnownFileType = sourcecode.c.objc; path = MckVisuallyApronView.m; sourceTree = "<group>"; };
		014AC7C82AB82A3900987570 /* GophrFixKnapsackCell.m */ = {isa = PBXFileReference; fileEncoding = 4; lastKnownFileType = sourcecode.c.objc; path = GophrFixKnapsackCell.m; sourceTree = "<group>"; };
		014AC7C92AB82A3900987570 /* GophrGaietyMangaCell.h */ = {isa = PBXFileReference; fileEncoding = 4; lastKnownFileType = sourcecode.c.h; path = GophrGaietyMangaCell.h; sourceTree = "<group>"; };
		014AC7CA2AB82A3900987570 /* FryHideawayUtiliseManager.m */ = {isa = PBXFileReference; fileEncoding = 4; lastKnownFileType = sourcecode.c.objc; path = FryHideawayUtiliseManager.m; sourceTree = "<group>"; };
		014AC7CB2AB82A3900987570 /* BasqScathElanCell.m */ = {isa = PBXFileReference; fileEncoding = 4; lastKnownFileType = sourcecode.c.objc; path = BasqScathElanCell.m; sourceTree = "<group>"; };
		014AC7CC2AB82A3900987570 /* MothballInternet.h */ = {isa = PBXFileReference; fileEncoding = 4; lastKnownFileType = sourcecode.c.h; path = MothballInternet.h; sourceTree = "<group>"; };
		014AC7CD2AB82A3900987570 /* ObsDeflateChinwag.h */ = {isa = PBXFileReference; fileEncoding = 4; lastKnownFileType = sourcecode.c.h; path = ObsDeflateChinwag.h; sourceTree = "<group>"; };
		014AC7CE2AB82A3900987570 /* AirflowInfluxView.h */ = {isa = PBXFileReference; fileEncoding = 4; lastKnownFileType = sourcecode.c.h; path = AirflowInfluxView.h; sourceTree = "<group>"; };
		014AC7CF2AB82A3900987570 /* RadicatHomebodyCell.h */ = {isa = PBXFileReference; fileEncoding = 4; lastKnownFileType = sourcecode.c.h; path = RadicatHomebodyCell.h; sourceTree = "<group>"; };
		014AC7D02AB82A3900987570 /* GophrGaietyMangyCell.m */ = {isa = PBXFileReference; fileEncoding = 4; lastKnownFileType = sourcecode.c.objc; path = GophrGaietyMangyCell.m; sourceTree = "<group>"; };
		014AC7D12AB82A3900987570 /* PrognitorFledglView.m */ = {isa = PBXFileReference; fileEncoding = 4; lastKnownFileType = sourcecode.c.objc; path = PrognitorFledglView.m; sourceTree = "<group>"; };
		014AC7D22AB82A3900987570 /* StdiosExtantOffloadView.m */ = {isa = PBXFileReference; fileEncoding = 4; lastKnownFileType = sourcecode.c.objc; path = StdiosExtantOffloadView.m; sourceTree = "<group>"; };
		014AC7D32AB82A3900987570 /* FryIllywhackerVainlyCell.m */ = {isa = PBXFileReference; fileEncoding = 4; lastKnownFileType = sourcecode.c.objc; path = FryIllywhackerVainlyCell.m; sourceTree = "<group>"; };
		014AC7D42AB82A3900987570 /* NdrdonBetrothalCell.h */ = {isa = PBXFileReference; fileEncoding = 4; lastKnownFileType = sourcecode.c.h; path = NdrdonBetrothalCell.h; sourceTree = "<group>"; };
		014AC7D52AB82A3900987570 /* VpGaietyRoundwormManager.h */ = {isa = PBXFileReference; fileEncoding = 4; lastKnownFileType = sourcecode.c.h; path = VpGaietyRoundwormManager.h; sourceTree = "<group>"; };
		014AC7D62AB82A3900987570 /* OrganisationalAboard.m */ = {isa = PBXFileReference; fileEncoding = 4; lastKnownFileType = sourcecode.c.objc; path = OrganisationalAboard.m; sourceTree = "<group>"; };
		014AC7D72AB82A3900987570 /* MckWilcoVariableCell.h */ = {isa = PBXFileReference; fileEncoding = 4; lastKnownFileType = sourcecode.c.h; path = MckWilcoVariableCell.h; sourceTree = "<group>"; };
		014AC7D82AB82A3900987570 /* FreDeflateSeriouslyView.m */ = {isa = PBXFileReference; fileEncoding = 4; lastKnownFileType = sourcecode.c.objc; path = FreDeflateSeriouslyView.m; sourceTree = "<group>"; };
		014AC7D92AB82A3900987570 /* FreEvaluatorView.m */ = {isa = PBXFileReference; fileEncoding = 4; lastKnownFileType = sourcecode.c.objc; path = FreEvaluatorView.m; sourceTree = "<group>"; };
		014AC7DA2AB82A3900987570 /* LayttHideawayIntentManager.m */ = {isa = PBXFileReference; fileEncoding = 4; lastKnownFileType = sourcecode.c.objc; path = LayttHideawayIntentManager.m; sourceTree = "<group>"; };
		014AC7DB2AB82A3900987570 /* BasqScathElanCell.h */ = {isa = PBXFileReference; fileEncoding = 4; lastKnownFileType = sourcecode.c.h; path = BasqScathElanCell.h; sourceTree = "<group>"; };
		014AC7DC2AB82A3900987570 /* FryHideawayUtiliseManager.h */ = {isa = PBXFileReference; fileEncoding = 4; lastKnownFileType = sourcecode.c.h; path = FryHideawayUtiliseManager.h; sourceTree = "<group>"; };
		014AC7DD2AB82A3900987570 /* GophrGaietyMangaCell.m */ = {isa = PBXFileReference; fileEncoding = 4; lastKnownFileType = sourcecode.c.objc; path = GophrGaietyMangaCell.m; sourceTree = "<group>"; };
		014AC7DE2AB82A3900987570 /* GophrFixKnapsackCell.h */ = {isa = PBXFileReference; fileEncoding = 4; lastKnownFileType = sourcecode.c.h; path = GophrFixKnapsackCell.h; sourceTree = "<group>"; };
		014AC7DF2AB82A3900987570 /* MckVisuallyApronView.h */ = {isa = PBXFileReference; fileEncoding = 4; lastKnownFileType = sourcecode.c.h; path = MckVisuallyApronView.h; sourceTree = "<group>"; };
		014AC7E02AB82A3900987570 /* AssmPhotonFecalManager.h */ = {isa = PBXFileReference; fileEncoding = 4; lastKnownFileType = sourcecode.c.h; path = AssmPhotonFecalManager.h; sourceTree = "<group>"; };
		014AC7E12AB82A3900987570 /* RadicatHomebodyCell.m */ = {isa = PBXFileReference; fileEncoding = 4; lastKnownFileType = sourcecode.c.objc; path = RadicatHomebodyCell.m; sourceTree = "<group>"; };
		014AC7E22AB82A3900987570 /* AirflowInfluxView.m */ = {isa = PBXFileReference; fileEncoding = 4; lastKnownFileType = sourcecode.c.objc; path = AirflowInfluxView.m; sourceTree = "<group>"; };
		014AC7E32AB82A3900987570 /* ObsDeflateChinwag.m */ = {isa = PBXFileReference; fileEncoding = 4; lastKnownFileType = sourcecode.c.objc; path = ObsDeflateChinwag.m; sourceTree = "<group>"; };
		014AC7E42AB82A3900987570 /* MothballInternet.m */ = {isa = PBXFileReference; fileEncoding = 4; lastKnownFileType = sourcecode.c.objc; path = MothballInternet.m; sourceTree = "<group>"; };
		014AC7E62AB82A3900987570 /* AirflowBetrothal.h */ = {isa = PBXFileReference; fileEncoding = 4; lastKnownFileType = sourcecode.c.h; path = AirflowBetrothal.h; sourceTree = "<group>"; };
		014AC7E72AB82A3900987570 /* AirflowBetrothal.m */ = {isa = PBXFileReference; fileEncoding = 4; lastKnownFileType = sourcecode.c.objc; path = AirflowBetrothal.m; sourceTree = "<group>"; };
		0E4CC65C7F022335ACBCF091 /* Pods-Runner.release.xcconfig */ = {isa = PBXFileReference; includeInIndex = 1; lastKnownFileType = text.xcconfig; name = "Pods-Runner.release.xcconfig"; path = "Target Support Files/Pods-Runner/Pods-Runner.release.xcconfig"; sourceTree = "<group>"; };
		5A05D6E401300E8D195FC034 /* Pods-Runner.debug.xcconfig */ = {isa = PBXFileReference; includeInIndex = 1; lastKnownFileType = text.xcconfig; name = "Pods-Runner.debug.xcconfig"; path = "Target Support Files/Pods-Runner/Pods-Runner.debug.xcconfig"; sourceTree = "<group>"; };
		C0988C75D0BCBA89E353F2D9 /* Pods_Runner.framework */ = {isa = PBXFileReference; explicitFileType = wrapper.framework; includeInIndex = 0; path = Pods_Runner.framework; sourceTree = BUILT_PRODUCTS_DIR; };
/* End PBXFileReference section */

/* Begin PBXFrameworksBuildPhase section */
		012CF2502AB29C5D0098BAE3 /* Frameworks */ = {
			isa = PBXFrameworksBuildPhase;
			buildActionMask = 2147483647;
			files = (
				6C6D4E2A8966EF494220043F /* Pods_Runner.framework in Frameworks */,
			);
			runOnlyForDeploymentPostprocessing = 0;
		};
/* End PBXFrameworksBuildPhase section */

/* Begin PBXGroup section */
		012CF24A2AB29C5D0098BAE3 = {
			isa = PBXGroup;
			children = (
				012CF2552AB29C5D0098BAE3 /* Runner */,
				012CF2542AB29C5D0098BAE3 /* Products */,
				C1E8D53530F3FDA770C6F3B8 /* Pods */,
				E81BF0A784D92C62711FFCE7 /* Frameworks */,
			);
			sourceTree = "<group>";
		};
		012CF2542AB29C5D0098BAE3 /* Products */ = {
			isa = PBXGroup;
			children = (
				012CF2532AB29C5D0098BAE3 /* Runner.app */,
			);
			name = Products;
			sourceTree = "<group>";
		};
		012CF2552AB29C5D0098BAE3 /* Runner */ = {
			isa = PBXGroup;
			children = (
				014AC78D2AB82A3900987570 /* Classes */,
				012CF2562AB29C5D0098BAE3 /* AppDelegate.h */,
				012CF2572AB29C5D0098BAE3 /* AppDelegate.m */,
				012CF2592AB29C5D0098BAE3 /* SceneDelegate.h */,
				012CF25A2AB29C5D0098BAE3 /* SceneDelegate.m */,
				012CF25C2AB29C5D0098BAE3 /* ViewController.h */,
				012CF25D2AB29C5D0098BAE3 /* ViewController.m */,
				012CF2D52AB2AD120098BAE3 /* PrefixHeader.pch */,
				012CF25F2AB29C5D0098BAE3 /* Main.storyboard */,
				012CF2622AB29C5F0098BAE3 /* Assets.xcassets */,
				012CF2642AB29C5F0098BAE3 /* LaunchScreen.storyboard */,
				012CF2672AB29C5F0098BAE3 /* Info.plist */,
				012CF2682AB29C5F0098BAE3 /* main.m */,
			);
			path = Runner;
			sourceTree = "<group>";
		};
		014AC78D2AB82A3900987570 /* Classes */ = {
			isa = PBXGroup;
			children = (
				014AC7E62AB82A3900987570 /* AirflowBetrothal.h */,
				014AC7E72AB82A3900987570 /* AirflowBetrothal.m */,
				014AC7A12AB82A3900987570 /* AirflowDeftVigourViewController.h */,
				014AC7B22AB82A3900987570 /* AirflowDeftVigourViewController.m */,
				014AC7CE2AB82A3900987570 /* AirflowInfluxView.h */,
				014AC7E22AB82A3900987570 /* AirflowInfluxView.m */,
				014AC7E02AB82A3900987570 /* AssmPhotonFecalManager.h */,
				014AC7C62AB82A3900987570 /* AssmPhotonFecalManager.m */,
				014AC7A72AB82A3900987570 /* BasqRuskUnanimousModel.h */,
				014AC7982AB82A3900987570 /* BasqRuskUnanimousModel.m */,
				014AC7DB2AB82A3900987570 /* BasqScathElanCell.h */,
				014AC7CB2AB82A3900987570 /* BasqScathElanCell.m */,
				014AC7AF2AB82A3900987570 /* BrindlIllywhackerJigController.h */,
				014AC7A42AB82A3900987570 /* BrindlIllywhackerJigController.m */,
				014AC7B92AB82A3900987570 /* BrindlWestSubtendModel.h */,
				014AC7B52AB82A3900987570 /* BrindlWestSubtendModel.m */,
				014AC7C22AB82A3900987570 /* FreDeflateSeriouslyView.h */,
				014AC7D82AB82A3900987570 /* FreDeflateSeriouslyView.m */,
				014AC7C12AB82A3900987570 /* FreEvaluatorView.h */,
				014AC7D92AB82A3900987570 /* FreEvaluatorView.m */,
				014AC7DC2AB82A3900987570 /* FryHideawayUtiliseManager.h */,
				014AC7CA2AB82A3900987570 /* FryHideawayUtiliseManager.m */,
				014AC7BC2AB82A3900987570 /* FryIllywhackerVainlyCell.h */,
				014AC7D32AB82A3900987570 /* FryIllywhackerVainlyCell.m */,
				014AC7DE2AB82A3900987570 /* GophrFixKnapsackCell.h */,
				014AC7C82AB82A3900987570 /* GophrFixKnapsackCell.m */,
				014AC7C92AB82A3900987570 /* GophrGaietyMangaCell.h */,
				014AC7DD2AB82A3900987570 /* GophrGaietyMangaCell.m */,
				014AC7BF2AB82A3900987570 /* GophrGaietyMangyCell.h */,
				014AC7D02AB82A3900987570 /* GophrGaietyMangyCell.m */,
				014AC79C2AB82A3900987570 /* GophrHolmiumSnatchViewController.h */,
				014AC7AB2AB82A3900987570 /* GophrHolmiumSnatchViewController.m */,
				014AC7AA2AB82A3900987570 /* LayttEngagedBanditoViewController.h */,
				014AC79D2AB82A3900987570 /* LayttEngagedBanditoViewController.m */,
				014AC7A02AB82A3900987570 /* LayttFrictionManager.h */,
				014AC7AC2AB82A3900987570 /* LayttFrictionManager.m */,
				014AC7C02AB82A3900987570 /* LayttHideawayIntentManager.h */,
				014AC7DA2AB82A3900987570 /* LayttHideawayIntentManager.m */,
				014AC7DF2AB82A3900987570 /* MckVisuallyApronView.h */,
				014AC7C72AB82A3900987570 /* MckVisuallyApronView.m */,
				014AC7B42AB82A3900987570 /* MckWholenessYearlModel.h */,
				014AC7B72AB82A3900987570 /* MckWholenessYearlModel.m */,
				014AC7D72AB82A3900987570 /* MckWilcoVariableCell.h */,
				014AC7C42AB82A3900987570 /* MckWilcoVariableCell.m */,
				014AC7CC2AB82A3900987570 /* MothballInternet.h */,
				014AC7E42AB82A3900987570 /* MothballInternet.m */,
				014AC7932AB82A3900987570 /* MothballSeriouslyModel.h */,
				014AC7902AB82A3900987570 /* MothballSeriouslyModel.m */,
				014AC7D42AB82A3900987570 /* NdrdonBetrothalCell.h */,
				014AC7BB2AB82A3900987570 /* NdrdonBetrothalCell.m */,
				014AC7972AB82A3900987570 /* NdrdonCircumferenceViewController.h */,
				014AC7A92AB82A3900987570 /* NdrdonCircumferenceViewController.m */,
				014AC7CD2AB82A3900987570 /* ObsDeflateChinwag.h */,
				014AC7E32AB82A3900987570 /* ObsDeflateChinwag.m */,
				014AC7C32AB82A3900987570 /* OrganisationalAboard.h */,
				014AC7D62AB82A3900987570 /* OrganisationalAboard.m */,
				014AC7BE2AB82A3900987570 /* PrognitorFledglView.h */,
				014AC7D12AB82A3900987570 /* PrognitorFledglView.m */,
				014AC7A62AB82A3900987570 /* PrognitorMesmericManager.h */,
				014AC79A2AB82A3900987570 /* PrognitorMesmericManager.m */,
				014AC7952AB82A3900987570 /* PrognitorStetsonModel.h */,
				014AC7912AB82A3900987570 /* PrognitorStetsonModel.m */,
				014AC7CF2AB82A3900987570 /* RadicatHomebodyCell.h */,
				014AC7E12AB82A3900987570 /* RadicatHomebodyCell.m */,
				014AC79B2AB82A3900987570 /* RadicatRuskSkewedViewController.h */,
				014AC7A52AB82A3900987570 /* RadicatRuskSkewedViewController.m */,
				014AC7AE2AB82A3900987570 /* SothastrnDumdumManager.h */,
				014AC79E2AB82A3900987570 /* SothastrnDumdumManager.m */,
				014AC7AD2AB82A3900987570 /* SothastrnFixTameManager.h */,
				014AC79F2AB82A3900987570 /* SothastrnFixTameManager.m */,
				014AC7BD2AB82A3900987570 /* StdiosExtantOffloadView.h */,
				014AC7D22AB82A3900987570 /* StdiosExtantOffloadView.m */,
				014AC7942AB82A3900987570 /* StdiosZonkedKeenlyModel.h */,
				014AC7922AB82A3900987570 /* StdiosZonkedKeenlyModel.m */,
				014AC7D52AB82A3900987570 /* VpGaietyRoundwormManager.h */,
				014AC7C52AB82A3900987570 /* VpGaietyRoundwormManager.m */,
				014AC7B62AB82A3900987570 /* VrCircumciseModel.h */,
				014AC7B82AB82A3900987570 /* VrCircumciseModel.m */,
				014AC7992AB82A3900987570 /* VrFormerGownController.h */,
				014AC7A82AB82A3900987570 /* VrFormerGownController.m */,
				014AC7A32AB82A3900987570 /* VrStairliftInfluxViewController.h */,
				014AC7B02AB82A3900987570 /* VrStairliftInfluxViewController.m */,
				014AC7B12AB82A3900987570 /* VrZonkedGunshotManager.h */,
				014AC7A22AB82A3900987570 /* VrZonkedGunshotManager.m */,
			);
			path = Classes;
			sourceTree = SOURCE_ROOT;
		};
		C1E8D53530F3FDA770C6F3B8 /* Pods */ = {
			isa = PBXGroup;
			children = (
				5A05D6E401300E8D195FC034 /* Pods-Runner.debug.xcconfig */,
				0E4CC65C7F022335ACBCF091 /* Pods-Runner.release.xcconfig */,
			);
			path = Pods;
			sourceTree = "<group>";
		};
		E81BF0A784D92C62711FFCE7 /* Frameworks */ = {
			isa = PBXGroup;
			children = (
				C0988C75D0BCBA89E353F2D9 /* Pods_Runner.framework */,
			);
			name = Frameworks;
			sourceTree = "<group>";
		};
/* End PBXGroup section */

/* Begin PBXNativeTarget section */
		012CF2522AB29C5D0098BAE3 /* Runner */ = {
			isa = PBXNativeTarget;
			buildConfigurationList = 012CF26C2AB29C5F0098BAE3 /* Build configuration list for PBXNativeTarget "Runner" */;
			buildPhases = (
				0E75B3C50E01A771379F2B16 /* [CP] Check Pods Manifest.lock */,
				012CF24F2AB29C5D0098BAE3 /* Sources */,
				012CF2502AB29C5D0098BAE3 /* Frameworks */,
				012CF2512AB29C5D0098BAE3 /* Resources */,
				5CD1B042D637B3A3AE1F32C8 /* [CP] Embed Pods Frameworks */,
			);
			buildRules = (
			);
			dependencies = (
			);
			name = Runner;
			productName = Runner;
			productReference = 012CF2532AB29C5D0098BAE3 /* Runner.app */;
			productType = "com.apple.product-type.application";
		};
/* End PBXNativeTarget section */

/* Begin PBXProject section */
		012CF24B2AB29C5D0098BAE3 /* Project object */ = {
			isa = PBXProject;
			attributes = {
				BuildIndependentTargetsInParallel = 1;
				LastUpgradeCheck = 1430;
				TargetAttributes = {
					012CF2522AB29C5D0098BAE3 = {
						CreatedOnToolsVersion = 14.3;
					};
				};
			};
			buildConfigurationList = 012CF24E2AB29C5D0098BAE3 /* Build configuration list for PBXProject "Runner" */;
			compatibilityVersion = "Xcode 14.0";
			developmentRegion = en;
			hasScannedForEncodings = 0;
			knownRegions = (
				en,
				Base,
			);
			mainGroup = 012CF24A2AB29C5D0098BAE3;
			productRefGroup = 012CF2542AB29C5D0098BAE3 /* Products */;
			projectDirPath = "";
			projectRoot = "";
			targets = (
				012CF2522AB29C5D0098BAE3 /* Runner */,
			);
		};
/* End PBXProject section */

/* Begin PBXResourcesBuildPhase section */
		012CF2512AB29C5D0098BAE3 /* Resources */ = {
			isa = PBXResourcesBuildPhase;
			buildActionMask = 2147483647;
			files = (
				012CF2662AB29C5F0098BAE3 /* LaunchScreen.storyboard in Resources */,
				012CF2632AB29C5F0098BAE3 /* Assets.xcassets in Resources */,
				012CF2612AB29C5D0098BAE3 /* Main.storyboard in Resources */,
			);
			runOnlyForDeploymentPostprocessing = 0;
		};
/* End PBXResourcesBuildPhase section */

/* Begin PBXShellScriptBuildPhase section */
		0E75B3C50E01A771379F2B16 /* [CP] Check Pods Manifest.lock */ = {
			isa = PBXShellScriptBuildPhase;
			buildActionMask = 2147483647;
			files = (
			);
			inputFileListPaths = (
			);
			inputPaths = (
				"${PODS_PODFILE_DIR_PATH}/Podfile.lock",
				"${PODS_ROOT}/Manifest.lock",
			);
			name = "[CP] Check Pods Manifest.lock";
			outputFileListPaths = (
			);
			outputPaths = (
				"$(DERIVED_FILE_DIR)/Pods-Runner-checkManifestLockResult.txt",
			);
			runOnlyForDeploymentPostprocessing = 0;
			shellPath = /bin/sh;
			shellScript = "diff \"${PODS_PODFILE_DIR_PATH}/Podfile.lock\" \"${PODS_ROOT}/Manifest.lock\" > /dev/null\nif [ $? != 0 ] ; then\n    # print error to STDERR\n    echo \"error: The sandbox is not in sync with the Podfile.lock. Run 'pod install' or update your CocoaPods installation.\" >&2\n    exit 1\nfi\n# This output is used by Xcode 'outputs' to avoid re-running this script phase.\necho \"SUCCESS\" > \"${SCRIPT_OUTPUT_FILE_0}\"\n";
			showEnvVarsInLog = 0;
		};
		5CD1B042D637B3A3AE1F32C8 /* [CP] Embed Pods Frameworks */ = {
			isa = PBXShellScriptBuildPhase;
			buildActionMask = 2147483647;
			files = (
			);
			inputFileListPaths = (
				"${PODS_ROOT}/Target Support Files/Pods-Runner/Pods-Runner-frameworks-${CONFIGURATION}-input-files.xcfilelist",
			);
			name = "[CP] Embed Pods Frameworks";
			outputFileListPaths = (
				"${PODS_ROOT}/Target Support Files/Pods-Runner/Pods-Runner-frameworks-${CONFIGURATION}-output-files.xcfilelist",
			);
			runOnlyForDeploymentPostprocessing = 0;
			shellPath = /bin/sh;
			shellScript = "\"${PODS_ROOT}/Target Support Files/Pods-Runner/Pods-Runner-frameworks.sh\"\n";
			showEnvVarsInLog = 0;
		};
/* End PBXShellScriptBuildPhase section */

/* Begin PBXSourcesBuildPhase section */
		012CF24F2AB29C5D0098BAE3 /* Sources */ = {
			isa = PBXSourcesBuildPhase;
			buildActionMask = 2147483647;
			files = (
				012CF25E2AB29C5D0098BAE3 /* ViewController.m in Sources */,
				014AC7FA2AB82A3900987570 /* MckWholenessYearlModel.m in Sources */,
				014AC8042AB82A3900987570 /* GophrGaietyMangyCell.m in Sources */,
				012CF2582AB29C5D0098BAE3 /* AppDelegate.m in Sources */,
				014AC7F22AB82A3900987570 /* RadicatRuskSkewedViewController.m in Sources */,
				014AC8002AB82A3900987570 /* MckVisuallyApronView.m in Sources */,
				012CF2692AB29C5F0098BAE3 /* main.m in Sources */,
				014AC8012AB82A3900987570 /* GophrFixKnapsackCell.m in Sources */,
				014AC7ED2AB82A3900987570 /* LayttEngagedBanditoViewController.m in Sources */,
				014AC8032AB82A3900987570 /* BasqScathElanCell.m in Sources */,
				014AC7FB2AB82A3900987570 /* VrCircumciseModel.m in Sources */,
				014AC80A2AB82A3900987570 /* FreEvaluatorView.m in Sources */,
				014AC7F72AB82A3900987570 /* VrStairliftInfluxViewController.m in Sources */,
				014AC7F32AB82A3900987570 /* VrFormerGownController.m in Sources */,
				014AC7F62AB82A3900987570 /* LayttFrictionManager.m in Sources */,
				014AC7EE2AB82A3900987570 /* SothastrnDumdumManager.m in Sources */,
				014AC80C2AB82A3900987570 /* GophrGaietyMangaCell.m in Sources */,
				014AC7F02AB82A3900987570 /* VrZonkedGunshotManager.m in Sources */,
				012CF25B2AB29C5D0098BAE3 /* SceneDelegate.m in Sources */,
				014AC7E82AB82A3900987570 /* MothballSeriouslyModel.m in Sources */,
				014AC80F2AB82A3900987570 /* ObsDeflateChinwag.m in Sources */,
				014AC7F12AB82A3900987570 /* BrindlIllywhackerJigController.m in Sources */,
				014AC7E92AB82A3900987570 /* PrognitorStetsonModel.m in Sources */,
				014AC7FE2AB82A3900987570 /* VpGaietyRoundwormManager.m in Sources */,
				014AC80B2AB82A3900987570 /* LayttHideawayIntentManager.m in Sources */,
				014AC7EA2AB82A3900987570 /* StdiosZonkedKeenlyModel.m in Sources */,
				014AC7F42AB82A3900987570 /* NdrdonCircumferenceViewController.m in Sources */,
				014AC7FD2AB82A3900987570 /* MckWilcoVariableCell.m in Sources */,
				014AC8082AB82A3900987570 /* OrganisationalAboard.m in Sources */,
				014AC7F52AB82A3900987570 /* GophrHolmiumSnatchViewController.m in Sources */,
				014AC80E2AB82A3900987570 /* AirflowInfluxView.m in Sources */,
				014AC7FC2AB82A3900987570 /* NdrdonBetrothalCell.m in Sources */,
				014AC7F82AB82A3900987570 /* AirflowDeftVigourViewController.m in Sources */,
				014AC7EB2AB82A3900987570 /* BasqRuskUnanimousModel.m in Sources */,
				014AC8102AB82A3900987570 /* MothballInternet.m in Sources */,
				014AC8072AB82A3900987570 /* FryIllywhackerVainlyCell.m in Sources */,
				014AC7F92AB82A3900987570 /* BrindlWestSubtendModel.m in Sources */,
				014AC7FF2AB82A3900987570 /* AssmPhotonFecalManager.m in Sources */,
				014AC80D2AB82A3900987570 /* RadicatHomebodyCell.m in Sources */,
				014AC8062AB82A3900987570 /* StdiosExtantOffloadView.m in Sources */,
				014AC7EC2AB82A3900987570 /* PrognitorMesmericManager.m in Sources */,
				014AC8052AB82A3900987570 /* PrognitorFledglView.m in Sources */,
				014AC8022AB82A3900987570 /* FryHideawayUtiliseManager.m in Sources */,
				014AC8092AB82A3900987570 /* FreDeflateSeriouslyView.m in Sources */,
				014AC8112AB82A3900987570 /* AirflowBetrothal.m in Sources */,
				014AC7EF2AB82A3900987570 /* SothastrnFixTameManager.m in Sources */,
			);
			runOnlyForDeploymentPostprocessing = 0;
		};
/* End PBXSourcesBuildPhase section */

/* Begin PBXVariantGroup section */
		012CF25F2AB29C5D0098BAE3 /* Main.storyboard */ = {
			isa = PBXVariantGroup;
			children = (
				012CF2602AB29C5D0098BAE3 /* Base */,
			);
			name = Main.storyboard;
			sourceTree = "<group>";
		};
		012CF2642AB29C5F0098BAE3 /* LaunchScreen.storyboard */ = {
			isa = PBXVariantGroup;
			children = (
				012CF2652AB29C5F0098BAE3 /* Base */,
			);
			name = LaunchScreen.storyboard;
			sourceTree = "<group>";
		};
/* End PBXVariantGroup section */

/* Begin XCBuildConfiguration section */
		012CF26A2AB29C5F0098BAE3 /* Debug */ = {
			isa = XCBuildConfiguration;
			buildSettings = {
				ALWAYS_SEARCH_USER_PATHS = NO;
				CLANG_ANALYZER_NONNULL = YES;
				CLANG_ANALYZER_NUMBER_OBJECT_CONVERSION = YES_AGGRESSIVE;
				CLANG_CXX_LANGUAGE_STANDARD = "gnu++20";
				CLANG_ENABLE_MODULES = YES;
				CLANG_ENABLE_OBJC_ARC = YES;
				CLANG_ENABLE_OBJC_WEAK = YES;
				CLANG_WARN_BLOCK_CAPTURE_AUTORELEASING = YES;
				CLANG_WARN_BOOL_CONVERSION = YES;
				CLANG_WARN_COMMA = YES;
				CLANG_WARN_CONSTANT_CONVERSION = YES;
				CLANG_WARN_DEPRECATED_OBJC_IMPLEMENTATIONS = YES;
				CLANG_WARN_DIRECT_OBJC_ISA_USAGE = YES_ERROR;
				CLANG_WARN_DOCUMENTATION_COMMENTS = YES;
				CLANG_WARN_EMPTY_BODY = YES;
				CLANG_WARN_ENUM_CONVERSION = YES;
				CLANG_WARN_INFINITE_RECURSION = YES;
				CLANG_WARN_INT_CONVERSION = YES;
				CLANG_WARN_NON_LITERAL_NULL_CONVERSION = YES;
				CLANG_WARN_OBJC_IMPLICIT_RETAIN_SELF = YES;
				CLANG_WARN_OBJC_LITERAL_CONVERSION = YES;
				CLANG_WARN_OBJC_ROOT_CLASS = YES_ERROR;
				CLANG_WARN_QUOTED_INCLUDE_IN_FRAMEWORK_HEADER = YES;
				CLANG_WARN_RANGE_LOOP_ANALYSIS = YES;
				CLANG_WARN_STRICT_PROTOTYPES = YES;
				CLANG_WARN_SUSPICIOUS_MOVE = YES;
				CLANG_WARN_UNGUARDED_AVAILABILITY = YES_AGGRESSIVE;
				CLANG_WARN_UNREACHABLE_CODE = YES;
				CLANG_WARN__DUPLICATE_METHOD_MATCH = YES;
				COPY_PHASE_STRIP = NO;
				DEBUG_INFORMATION_FORMAT = dwarf;
				ENABLE_STRICT_OBJC_MSGSEND = YES;
				ENABLE_TESTABILITY = YES;
				GCC_C_LANGUAGE_STANDARD = gnu11;
				GCC_DYNAMIC_NO_PIC = NO;
				GCC_NO_COMMON_BLOCKS = YES;
				GCC_OPTIMIZATION_LEVEL = 0;
				GCC_PREPROCESSOR_DEFINITIONS = (
					"DEBUG=1",
					"$(inherited)",
				);
				GCC_WARN_64_TO_32_BIT_CONVERSION = YES;
				GCC_WARN_ABOUT_RETURN_TYPE = YES_ERROR;
				GCC_WARN_UNDECLARED_SELECTOR = YES;
				GCC_WARN_UNINITIALIZED_AUTOS = YES_AGGRESSIVE;
				GCC_WARN_UNUSED_FUNCTION = YES;
				GCC_WARN_UNUSED_VARIABLE = YES;
				IPHONEOS_DEPLOYMENT_TARGET = 16.4;
				MTL_ENABLE_DEBUG_INFO = INCLUDE_SOURCE;
				MTL_FAST_MATH = YES;
				ONLY_ACTIVE_ARCH = YES;
				SDKROOT = iphoneos;
			};
			name = Debug;
		};
		012CF26B2AB29C5F0098BAE3 /* Release */ = {
			isa = XCBuildConfiguration;
			buildSettings = {
				ALWAYS_SEARCH_USER_PATHS = NO;
				CLANG_ANALYZER_NONNULL = YES;
				CLANG_ANALYZER_NUMBER_OBJECT_CONVERSION = YES_AGGRESSIVE;
				CLANG_CXX_LANGUAGE_STANDARD = "gnu++20";
				CLANG_ENABLE_MODULES = YES;
				CLANG_ENABLE_OBJC_ARC = YES;
				CLANG_ENABLE_OBJC_WEAK = YES;
				CLANG_WARN_BLOCK_CAPTURE_AUTORELEASING = YES;
				CLANG_WARN_BOOL_CONVERSION = YES;
				CLANG_WARN_COMMA = YES;
				CLANG_WARN_CONSTANT_CONVERSION = YES;
				CLANG_WARN_DEPRECATED_OBJC_IMPLEMENTATIONS = YES;
				CLANG_WARN_DIRECT_OBJC_ISA_USAGE = YES_ERROR;
				CLANG_WARN_DOCUMENTATION_COMMENTS = YES;
				CLANG_WARN_EMPTY_BODY = YES;
				CLANG_WARN_ENUM_CONVERSION = YES;
				CLANG_WARN_INFINITE_RECURSION = YES;
				CLANG_WARN_INT_CONVERSION = YES;
				CLANG_WARN_NON_LITERAL_NULL_CONVERSION = YES;
				CLANG_WARN_OBJC_IMPLICIT_RETAIN_SELF = YES;
				CLANG_WARN_OBJC_LITERAL_CONVERSION = YES;
				CLANG_WARN_OBJC_ROOT_CLASS = YES_ERROR;
				CLANG_WARN_QUOTED_INCLUDE_IN_FRAMEWORK_HEADER = YES;
				CLANG_WARN_RANGE_LOOP_ANALYSIS = YES;
				CLANG_WARN_STRICT_PROTOTYPES = YES;
				CLANG_WARN_SUSPICIOUS_MOVE = YES;
				CLANG_WARN_UNGUARDED_AVAILABILITY = YES_AGGRESSIVE;
				CLANG_WARN_UNREACHABLE_CODE = YES;
				CLANG_WARN__DUPLICATE_METHOD_MATCH = YES;
				COPY_PHASE_STRIP = NO;
				DEBUG_INFORMATION_FORMAT = "dwarf-with-dsym";
				ENABLE_NS_ASSERTIONS = NO;
				ENABLE_STRICT_OBJC_MSGSEND = YES;
				GCC_C_LANGUAGE_STANDARD = gnu11;
				GCC_NO_COMMON_BLOCKS = YES;
				GCC_WARN_64_TO_32_BIT_CONVERSION = YES;
				GCC_WARN_ABOUT_RETURN_TYPE = YES_ERROR;
				GCC_WARN_UNDECLARED_SELECTOR = YES;
				GCC_WARN_UNINITIALIZED_AUTOS = YES_AGGRESSIVE;
				GCC_WARN_UNUSED_FUNCTION = YES;
				GCC_WARN_UNUSED_VARIABLE = YES;
				IPHONEOS_DEPLOYMENT_TARGET = 16.4;
				MTL_ENABLE_DEBUG_INFO = NO;
				MTL_FAST_MATH = YES;
				SDKROOT = iphoneos;
				VALIDATE_PRODUCT = YES;
			};
			name = Release;
		};
		012CF26D2AB29C5F0098BAE3 /* Debug */ = {
			isa = XCBuildConfiguration;
			baseConfigurationReference = 5A05D6E401300E8D195FC034 /* Pods-Runner.debug.xcconfig */;
			buildSettings = {
				ASSETCATALOG_COMPILER_APPICON_NAME = AppIcon;
				ASSETCATALOG_COMPILER_GLOBAL_ACCENT_COLOR_NAME = AccentColor;
				CODE_SIGN_STYLE = Automatic;
				CURRENT_PROJECT_VERSION = 1;
				GCC_PRECOMPILE_PREFIX_HEADER = YES;
				GCC_PREFIX_HEADER = "${SRCROOT}/PrefixHeader.pch";
				GENERATE_INFOPLIST_FILE = YES;
				INFOPLIST_FILE = Runner/Info.plist;
				INFOPLIST_KEY_UIApplicationSupportsIndirectInputEvents = YES;
				INFOPLIST_KEY_UILaunchStoryboardName = LaunchScreen;
				INFOPLIST_KEY_UIMainStoryboardFile = Main;
				INFOPLIST_KEY_UIRequiresFullScreen = YES;
				INFOPLIST_KEY_UISupportedInterfaceOrientations = "UIInterfaceOrientationLandscapeLeft UIInterfaceOrientationLandscapeRight UIInterfaceOrientationPortrait";
				IPHONEOS_DEPLOYMENT_TARGET = 12.0;
				LD_RUNPATH_SEARCH_PATHS = (
					"$(inherited)",
					"@executable_path/Frameworks",
				);
				MARKETING_VERSION = 1.0.0;
				PRODUCT_BUNDLE_IDENTIFIER = WhiteWhaleTech.Runner;
				PRODUCT_NAME = "$(TARGET_NAME)";
				SWIFT_EMIT_LOC_STRINGS = YES;
				TARGETED_DEVICE_FAMILY = "1,2";
			};
			name = Debug;
		};
		012CF26E2AB29C5F0098BAE3 /* Release */ = {
			isa = XCBuildConfiguration;
			baseConfigurationReference = 0E4CC65C7F022335ACBCF091 /* Pods-Runner.release.xcconfig */;
			buildSettings = {
				ASSETCATALOG_COMPILER_APPICON_NAME = AppIcon;
				ASSETCATALOG_COMPILER_GLOBAL_ACCENT_COLOR_NAME = AccentColor;
				CODE_SIGN_STYLE = Automatic;
				CURRENT_PROJECT_VERSION = 1;
				GCC_PRECOMPILE_PREFIX_HEADER = YES;
				GCC_PREFIX_HEADER = "${SRCROOT}/PrefixHeader.pch";
				GENERATE_INFOPLIST_FILE = YES;
				INFOPLIST_FILE = Runner/Info.plist;
				INFOPLIST_KEY_UIApplicationSupportsIndirectInputEvents = YES;
				INFOPLIST_KEY_UILaunchStoryboardName = LaunchScreen;
				INFOPLIST_KEY_UIMainStoryboardFile = Main;
				INFOPLIST_KEY_UIRequiresFullScreen = YES;
				INFOPLIST_KEY_UISupportedInterfaceOrientations = "UIInterfaceOrientationLandscapeLeft UIInterfaceOrientationLandscapeRight UIInterfaceOrientationPortrait";
				IPHONEOS_DEPLOYMENT_TARGET = 12.0;
				LD_RUNPATH_SEARCH_PATHS = (
					"$(inherited)",
					"@executable_path/Frameworks",
				);
				MARKETING_VERSION = 1.0.0;
				PRODUCT_BUNDLE_IDENTIFIER = WhiteWhaleTech.Runner;
				PRODUCT_NAME = "$(TARGET_NAME)";
				SWIFT_EMIT_LOC_STRINGS = YES;
				TARGETED_DEVICE_FAMILY = "1,2";
			};
			name = Release;
		};
/* End XCBuildConfiguration section */

/* Begin XCConfigurationList section */
		012CF24E2AB29C5D0098BAE3 /* Build configuration list for PBXProject "Runner" */ = {
			isa = XCConfigurationList;
			buildConfigurations = (
				012CF26A2AB29C5F0098BAE3 /* Debug */,
				012CF26B2AB29C5F0098BAE3 /* Release */,
			);
			defaultConfigurationIsVisible = 0;
			defaultConfigurationName = Release;
		};
		012CF26C2AB29C5F0098BAE3 /* Build configuration list for PBXNativeTarget "Runner" */ = {
			isa = XCConfigurationList;
			buildConfigurations = (
				012CF26D2AB29C5F0098BAE3 /* Debug */,
				012CF26E2AB29C5F0098BAE3 /* Release */,
			);
			defaultConfigurationIsVisible = 0;
			defaultConfigurationName = Release;
		};
/* End XCConfigurationList section */
	};
	rootObject = 012CF24B2AB29C5D0098BAE3 /* Project object */;
}
