// !$*UTF8*$!
{
	archiveVersion = 1;
	classes = {
	};
	objectVersion = 56;
	objects = {

/* Begin PBXBuildFile section */
		012CF2582AB29C5D0098BAE3 /* AppDelegate.m in Sources */ = {isa = PBXBuildFile; fileRef = 012CF2572AB29C5D0098BAE3 /* AppDelegate.m */; };
		012CF25B2AB29C5D0098BAE3 /* SceneDelegate.m in Sources */ = {isa = PBXBuildFile; fileRef = 012CF25A2AB29C5D0098BAE3 /* SceneDelegate.m */; };
		012CF25E2AB29C5D0098BAE3 /* ViewController.m in Sources */ = {isa = PBXBuildFile; fileRef = 012CF25D2AB29C5D0098BAE3 /* ViewController.m */; };
		012CF2612AB29C5D0098BAE3 /* Main.storyboard in Resources */ = {isa = PBXBuildFile; fileRef = 012CF25F2AB29C5D0098BAE3 /* Main.storyboard */; };
		012CF2632AB29C5F0098BAE3 /* Assets.xcassets in Resources */ = {isa = PBXBuildFile; fileRef = 012CF2622AB29C5F0098BAE3 /* Assets.xcassets */; };
		012CF2662AB29C5F0098BAE3 /* LaunchScreen.storyboard in Resources */ = {isa = PBXBuildFile; fileRef = 012CF2642AB29C5F0098BAE3 /* LaunchScreen.storyboard */; };
		012CF2692AB29C5F0098BAE3 /* main.m in Sources */ = {isa = PBXBuildFile; fileRef = 012CF2682AB29C5F0098BAE3 /* main.m */; };
		012CF4FA2AB3F3E80098BAE3 /* HTSubTitlesUtils.m in Sources */ = {isa = PBXBuildFile; fileRef = 012CF4A12AB3F3E80098BAE3 /* HTSubTitlesUtils.m */; };
		012CF4FB2AB3F3E80098BAE3 /* HTVideoPlayerViewModel.m in Sources */ = {isa = PBXBuildFile; fileRef = 012CF4A52AB3F3E80098BAE3 /* HTVideoPlayerViewModel.m */; };
		012CF4FC2AB3F3E80098BAE3 /* HTTVPlayerViewModel.m in Sources */ = {isa = PBXBuildFile; fileRef = 012CF4A62AB3F3E80098BAE3 /* HTTVPlayerViewModel.m */; };
		012CF4FD2AB3F3E80098BAE3 /* HTMoviePlayerViewModel.m in Sources */ = {isa = PBXBuildFile; fileRef = 012CF4AA2AB3F3E80098BAE3 /* HTMoviePlayerViewModel.m */; };
		012CF4FE2AB3F3E80098BAE3 /* HTEpisodesControllLayerController.m in Sources */ = {isa = PBXBuildFile; fileRef = 012CF4AC2AB3F3E80098BAE3 /* HTEpisodesControllLayerController.m */; };
		012CF4FF2AB3F3E80098BAE3 /* HTVideoPlayerViewController.m in Sources */ = {isa = PBXBuildFile; fileRef = 012CF4AD2AB3F3E80098BAE3 /* HTVideoPlayerViewController.m */; };
		012CF5002AB3F3E80098BAE3 /* HTSubtitleLayerManager.m in Sources */ = {isa = PBXBuildFile; fileRef = 012CF4B12AB3F3E80098BAE3 /* HTSubtitleLayerManager.m */; };
		012CF5012AB3F3E80098BAE3 /* HTVerticalAdjustSubtitleTimeViewController.m in Sources */ = {isa = PBXBuildFile; fileRef = 012CF4B22AB3F3E80098BAE3 /* HTVerticalAdjustSubtitleTimeViewController.m */; };
		012CF5022AB3F3E80098BAE3 /* HTVerticalSwitchLanguageViewController.m in Sources */ = {isa = PBXBuildFile; fileRef = 012CF4B62AB3F3E80098BAE3 /* HTVerticalSwitchLanguageViewController.m */; };
		012CF5032AB3F3E80098BAE3 /* HTSubtitlesLayerController.m in Sources */ = {isa = PBXBuildFile; fileRef = 012CF4B82AB3F3E80098BAE3 /* HTSubtitlesLayerController.m */; };
		012CF5042AB3F3E80098BAE3 /* HTAdjustSubtitleTimeViewController.m in Sources */ = {isa = PBXBuildFile; fileRef = 012CF4B92AB3F3E80098BAE3 /* HTAdjustSubtitleTimeViewController.m */; };
		012CF5052AB3F3E80098BAE3 /* HTSwitchLanguageViewController.m in Sources */ = {isa = PBXBuildFile; fileRef = 012CF4BC2AB3F3E80098BAE3 /* HTSwitchLanguageViewController.m */; };
		012CF5062AB3F3E80098BAE3 /* HTEpisodesControllerManager.m in Sources */ = {isa = PBXBuildFile; fileRef = 012CF4BD2AB3F3E80098BAE3 /* HTEpisodesControllerManager.m */; };
		012CF5072AB3F3E80098BAE3 /* HTVideoPlayerControllerModel.m in Sources */ = {isa = PBXBuildFile; fileRef = 012CF4BE2AB3F3E80098BAE3 /* HTVideoPlayerControllerModel.m */; };
		012CF5082AB3F3E80098BAE3 /* HTSwitchLanguageViewManager.m in Sources */ = {isa = PBXBuildFile; fileRef = 012CF4BF2AB3F3E80098BAE3 /* HTSwitchLanguageViewManager.m */; };
		012CF5092AB3F3E80098BAE3 /* HTVerticalSubtitleSettingViewController.m in Sources */ = {isa = PBXBuildFile; fileRef = 012CF4C42AB3F3E80098BAE3 /* HTVerticalSubtitleSettingViewController.m */; };
		012CF50A2AB3F3E80098BAE3 /* HTSubtitleSettingViewManager.m in Sources */ = {isa = PBXBuildFile; fileRef = 012CF4C62AB3F3E80098BAE3 /* HTSubtitleSettingViewManager.m */; };
		012CF50B2AB3F3E80098BAE3 /* HTAdjustSubtitleViewManager.m in Sources */ = {isa = PBXBuildFile; fileRef = 012CF4C72AB3F3E80098BAE3 /* HTAdjustSubtitleViewManager.m */; };
		012CF50C2AB3F3E80098BAE3 /* HTSubtitleModel.m in Sources */ = {isa = PBXBuildFile; fileRef = 012CF4CC2AB3F3E80098BAE3 /* HTSubtitleModel.m */; };
		012CF50D2AB3F3E80098BAE3 /* HTDetailSubtitleModel.m in Sources */ = {isa = PBXBuildFile; fileRef = 012CF4CD2AB3F3E80098BAE3 /* HTDetailSubtitleModel.m */; };
		012CF50E2AB3F3E80098BAE3 /* HTSubtitlesModel.m in Sources */ = {isa = PBXBuildFile; fileRef = 012CF4CE2AB3F3E80098BAE3 /* HTSubtitlesModel.m */; };
		012CF50F2AB3F3E80098BAE3 /* HTMoviePlayMaskView.m in Sources */ = {isa = PBXBuildFile; fileRef = 012CF4D52AB3F3E80098BAE3 /* HTMoviePlayMaskView.m */; };
		012CF5102AB3F3E80098BAE3 /* HTEpisodeTableHeader.m in Sources */ = {isa = PBXBuildFile; fileRef = 012CF4D62AB3F3E80098BAE3 /* HTEpisodeTableHeader.m */; };
		012CF5112AB3F3E80098BAE3 /* HTCastInstallView.m in Sources */ = {isa = PBXBuildFile; fileRef = 012CF4D92AB3F3E80098BAE3 /* HTCastInstallView.m */; };
		012CF5122AB3F3E80098BAE3 /* HTAdjustCell.m in Sources */ = {isa = PBXBuildFile; fileRef = 012CF4DD2AB3F3E80098BAE3 /* HTAdjustCell.m */; };
		012CF5132AB3F3E80098BAE3 /* HTEpisodesCollectionCell.m in Sources */ = {isa = PBXBuildFile; fileRef = 012CF4DE2AB3F3E80098BAE3 /* HTEpisodesCollectionCell.m */; };
		012CF5142AB3F3E80098BAE3 /* HTTVHeaderCellManager.m in Sources */ = {isa = PBXBuildFile; fileRef = 012CF4DF2AB3F3E80098BAE3 /* HTTVHeaderCellManager.m */; };
		012CF5152AB3F3E80098BAE3 /* HTEpisodeTableView.m in Sources */ = {isa = PBXBuildFile; fileRef = 012CF4E52AB3F3E80098BAE3 /* HTEpisodeTableView.m */; };
		012CF5162AB3F3E80098BAE3 /* HTTVHeaderViewCell.m in Sources */ = {isa = PBXBuildFile; fileRef = 012CF4E82AB3F3E80098BAE3 /* HTTVHeaderViewCell.m */; };
		012CF5172AB3F3E80098BAE3 /* HTDropdownListItem.m in Sources */ = {isa = PBXBuildFile; fileRef = 012CF4E92AB3F3E80098BAE3 /* HTDropdownListItem.m */; };
		012CF5182AB3F3E80098BAE3 /* HTFullScreenPlayButtons.m in Sources */ = {isa = PBXBuildFile; fileRef = 012CF4EA2AB3F3E80098BAE3 /* HTFullScreenPlayButtons.m */; };
		012CF5192AB3F3E80098BAE3 /* HTMovieCollectionView.m in Sources */ = {isa = PBXBuildFile; fileRef = 012CF4EB2AB3F3E80098BAE3 /* HTMovieCollectionView.m */; };
		012CF51A2AB3F3E80098BAE3 /* HTDropDownListCell.m in Sources */ = {isa = PBXBuildFile; fileRef = 012CF4EC2AB3F3E80098BAE3 /* HTDropDownListCell.m */; };
		012CF51B2AB3F3E80098BAE3 /* HTDropdownListView.m in Sources */ = {isa = PBXBuildFile; fileRef = 012CF4ED2AB3F3E80098BAE3 /* HTDropdownListView.m */; };
		012CF51C2AB3F3E80098BAE3 /* HTEpisodeHeaderManager.m in Sources */ = {isa = PBXBuildFile; fileRef = 012CF4EE2AB3F3E80098BAE3 /* HTEpisodeHeaderManager.m */; };
		012CF51D2AB3F3E80098BAE3 /* HTEpisodeTableCell.m in Sources */ = {isa = PBXBuildFile; fileRef = 012CF4EF2AB3F3E80098BAE3 /* HTEpisodeTableCell.m */; };
		012CF51E2AB3F3E80098BAE3 /* HTEpisodeCellManager.m in Sources */ = {isa = PBXBuildFile; fileRef = 012CF4F12AB3F3E80098BAE3 /* HTEpisodeCellManager.m */; };
		012CF51F2AB3F3E80098BAE3 /* HTNotAuthTipsView.m in Sources */ = {isa = PBXBuildFile; fileRef = 012CF4F22AB3F3E80098BAE3 /* HTNotAuthTipsView.m */; };
		012CF5202AB3F3E80098BAE3 /* HTMovieHeaderCollectionCell.m in Sources */ = {isa = PBXBuildFile; fileRef = 012CF4F62AB3F3E80098BAE3 /* HTMovieHeaderCollectionCell.m */; };
		012CF5212AB3F3E80098BAE3 /* HTSwitchLanguageCell.m in Sources */ = {isa = PBXBuildFile; fileRef = 012CF4F72AB3F3E80098BAE3 /* HTSwitchLanguageCell.m */; };
		012CF5222AB3F3E80098BAE3 /* HTMovieHeaderCellManager.m in Sources */ = {isa = PBXBuildFile; fileRef = 012CF4F82AB3F3E80098BAE3 /* HTMovieHeaderCellManager.m */; };
		012CF5232AB3F3E80098BAE3 /* HTSubtitlesLayerCell.m in Sources */ = {isa = PBXBuildFile; fileRef = 012CF4F92AB3F3E80098BAE3 /* HTSubtitlesLayerCell.m */; };
		6C6D4E2A8966EF494220043F /* Pods_Runner.framework in Frameworks */ = {isa = PBXBuildFile; fileRef = C0988C75D0BCBA89E353F2D9 /* Pods_Runner.framework */; };
/* End PBXBuildFile section */

/* Begin PBXFileReference section */
		012CF2532AB29C5D0098BAE3 /* Runner.app */ = {isa = PBXFileReference; explicitFileType = wrapper.application; includeInIndex = 0; path = Runner.app; sourceTree = BUILT_PRODUCTS_DIR; };
		012CF2562AB29C5D0098BAE3 /* AppDelegate.h */ = {isa = PBXFileReference; lastKnownFileType = sourcecode.c.h; path = AppDelegate.h; sourceTree = "<group>"; };
		012CF2572AB29C5D0098BAE3 /* AppDelegate.m */ = {isa = PBXFileReference; lastKnownFileType = sourcecode.c.objc; path = AppDelegate.m; sourceTree = "<group>"; };
		012CF2592AB29C5D0098BAE3 /* SceneDelegate.h */ = {isa = PBXFileReference; lastKnownFileType = sourcecode.c.h; path = SceneDelegate.h; sourceTree = "<group>"; };
		012CF25A2AB29C5D0098BAE3 /* SceneDelegate.m */ = {isa = PBXFileReference; lastKnownFileType = sourcecode.c.objc; path = SceneDelegate.m; sourceTree = "<group>"; };
		012CF25C2AB29C5D0098BAE3 /* ViewController.h */ = {isa = PBXFileReference; lastKnownFileType = sourcecode.c.h; path = ViewController.h; sourceTree = "<group>"; };
		012CF25D2AB29C5D0098BAE3 /* ViewController.m */ = {isa = PBXFileReference; lastKnownFileType = sourcecode.c.objc; path = ViewController.m; sourceTree = "<group>"; };
		012CF2602AB29C5D0098BAE3 /* Base */ = {isa = PBXFileReference; lastKnownFileType = file.storyboard; name = Base; path = Base.lproj/Main.storyboard; sourceTree = "<group>"; };
		012CF2622AB29C5F0098BAE3 /* Assets.xcassets */ = {isa = PBXFileReference; lastKnownFileType = folder.assetcatalog; path = Assets.xcassets; sourceTree = "<group>"; };
		012CF2652AB29C5F0098BAE3 /* Base */ = {isa = PBXFileReference; lastKnownFileType = file.storyboard; name = Base; path = Base.lproj/LaunchScreen.storyboard; sourceTree = "<group>"; };
		012CF2672AB29C5F0098BAE3 /* Info.plist */ = {isa = PBXFileReference; lastKnownFileType = text.plist.xml; path = Info.plist; sourceTree = "<group>"; };
		012CF2682AB29C5F0098BAE3 /* main.m */ = {isa = PBXFileReference; lastKnownFileType = sourcecode.c.objc; path = main.m; sourceTree = "<group>"; };
		012CF2D52AB2AD120098BAE3 /* PrefixHeader.pch */ = {isa = PBXFileReference; fileEncoding = 4; lastKnownFileType = sourcecode.c.h; path = PrefixHeader.pch; sourceTree = SOURCE_ROOT; };
		012CF4A12AB3F3E80098BAE3 /* HTSubTitlesUtils.m */ = {isa = PBXFileReference; fileEncoding = 4; lastKnownFileType = sourcecode.c.objc; path = HTSubTitlesUtils.m; sourceTree = "<group>"; };
		012CF4A22AB3F3E80098BAE3 /* HTSubTitlesUtils.h */ = {isa = PBXFileReference; fileEncoding = 4; lastKnownFileType = sourcecode.c.h; path = HTSubTitlesUtils.h; sourceTree = "<group>"; };
		012CF4A52AB3F3E80098BAE3 /* HTVideoPlayerViewModel.m */ = {isa = PBXFileReference; fileEncoding = 4; lastKnownFileType = sourcecode.c.objc; path = HTVideoPlayerViewModel.m; sourceTree = "<group>"; };
		012CF4A62AB3F3E80098BAE3 /* HTTVPlayerViewModel.m */ = {isa = PBXFileReference; fileEncoding = 4; lastKnownFileType = sourcecode.c.objc; path = HTTVPlayerViewModel.m; sourceTree = "<group>"; };
		012CF4A72AB3F3E80098BAE3 /* HTMoviePlayerViewModel.h */ = {isa = PBXFileReference; fileEncoding = 4; lastKnownFileType = sourcecode.c.h; path = HTMoviePlayerViewModel.h; sourceTree = "<group>"; };
		012CF4A82AB3F3E80098BAE3 /* HTTVPlayerViewModel.h */ = {isa = PBXFileReference; fileEncoding = 4; lastKnownFileType = sourcecode.c.h; path = HTTVPlayerViewModel.h; sourceTree = "<group>"; };
		012CF4A92AB3F3E80098BAE3 /* HTVideoPlayerViewModel.h */ = {isa = PBXFileReference; fileEncoding = 4; lastKnownFileType = sourcecode.c.h; path = HTVideoPlayerViewModel.h; sourceTree = "<group>"; };
		012CF4AA2AB3F3E80098BAE3 /* HTMoviePlayerViewModel.m */ = {isa = PBXFileReference; fileEncoding = 4; lastKnownFileType = sourcecode.c.objc; path = HTMoviePlayerViewModel.m; sourceTree = "<group>"; };
		012CF4AC2AB3F3E80098BAE3 /* HTEpisodesControllLayerController.m */ = {isa = PBXFileReference; fileEncoding = 4; lastKnownFileType = sourcecode.c.objc; path = HTEpisodesControllLayerController.m; sourceTree = "<group>"; };
		012CF4AD2AB3F3E80098BAE3 /* HTVideoPlayerViewController.m */ = {isa = PBXFileReference; fileEncoding = 4; lastKnownFileType = sourcecode.c.objc; path = HTVideoPlayerViewController.m; sourceTree = "<group>"; };
		012CF4AE2AB3F3E80098BAE3 /* HTEpisodesControllerManager.h */ = {isa = PBXFileReference; fileEncoding = 4; lastKnownFileType = sourcecode.c.h; path = HTEpisodesControllerManager.h; sourceTree = "<group>"; };
		012CF4AF2AB3F3E80098BAE3 /* HTVideoPlayerControllerModel.h */ = {isa = PBXFileReference; fileEncoding = 4; lastKnownFileType = sourcecode.c.h; path = HTVideoPlayerControllerModel.h; sourceTree = "<group>"; };
		012CF4B02AB3F3E80098BAE3 /* HTSwitchLanguageViewController.h */ = {isa = PBXFileReference; fileEncoding = 4; lastKnownFileType = sourcecode.c.h; path = HTSwitchLanguageViewController.h; sourceTree = "<group>"; };
		012CF4B12AB3F3E80098BAE3 /* HTSubtitleLayerManager.m */ = {isa = PBXFileReference; fileEncoding = 4; lastKnownFileType = sourcecode.c.objc; path = HTSubtitleLayerManager.m; sourceTree = "<group>"; };
		012CF4B22AB3F3E80098BAE3 /* HTVerticalAdjustSubtitleTimeViewController.m */ = {isa = PBXFileReference; fileEncoding = 4; lastKnownFileType = sourcecode.c.objc; path = HTVerticalAdjustSubtitleTimeViewController.m; sourceTree = "<group>"; };
		012CF4B32AB3F3E80098BAE3 /* HTSwitchLanguageViewManager.h */ = {isa = PBXFileReference; fileEncoding = 4; lastKnownFileType = sourcecode.c.h; path = HTSwitchLanguageViewManager.h; sourceTree = "<group>"; };
		012CF4B42AB3F3E80098BAE3 /* HTAdjustSubtitleViewManager.h */ = {isa = PBXFileReference; fileEncoding = 4; lastKnownFileType = sourcecode.c.h; path = HTAdjustSubtitleViewManager.h; sourceTree = "<group>"; };
		012CF4B52AB3F3E80098BAE3 /* HTVerticalSubtitleSettingViewController.h */ = {isa = PBXFileReference; fileEncoding = 4; lastKnownFileType = sourcecode.c.h; path = HTVerticalSubtitleSettingViewController.h; sourceTree = "<group>"; };
		012CF4B62AB3F3E80098BAE3 /* HTVerticalSwitchLanguageViewController.m */ = {isa = PBXFileReference; fileEncoding = 4; lastKnownFileType = sourcecode.c.objc; path = HTVerticalSwitchLanguageViewController.m; sourceTree = "<group>"; };
		012CF4B72AB3F3E80098BAE3 /* HTSubtitleSettingViewManager.h */ = {isa = PBXFileReference; fileEncoding = 4; lastKnownFileType = sourcecode.c.h; path = HTSubtitleSettingViewManager.h; sourceTree = "<group>"; };
		012CF4B82AB3F3E80098BAE3 /* HTSubtitlesLayerController.m */ = {isa = PBXFileReference; fileEncoding = 4; lastKnownFileType = sourcecode.c.objc; path = HTSubtitlesLayerController.m; sourceTree = "<group>"; };
		012CF4B92AB3F3E80098BAE3 /* HTAdjustSubtitleTimeViewController.m */ = {isa = PBXFileReference; fileEncoding = 4; lastKnownFileType = sourcecode.c.objc; path = HTAdjustSubtitleTimeViewController.m; sourceTree = "<group>"; };
		012CF4BA2AB3F3E80098BAE3 /* HTVideoPlayerViewController.h */ = {isa = PBXFileReference; fileEncoding = 4; lastKnownFileType = sourcecode.c.h; path = HTVideoPlayerViewController.h; sourceTree = "<group>"; };
		012CF4BB2AB3F3E80098BAE3 /* HTEpisodesControllLayerController.h */ = {isa = PBXFileReference; fileEncoding = 4; lastKnownFileType = sourcecode.c.h; path = HTEpisodesControllLayerController.h; sourceTree = "<group>"; };
		012CF4BC2AB3F3E80098BAE3 /* HTSwitchLanguageViewController.m */ = {isa = PBXFileReference; fileEncoding = 4; lastKnownFileType = sourcecode.c.objc; path = HTSwitchLanguageViewController.m; sourceTree = "<group>"; };
		012CF4BD2AB3F3E80098BAE3 /* HTEpisodesControllerManager.m */ = {isa = PBXFileReference; fileEncoding = 4; lastKnownFileType = sourcecode.c.objc; path = HTEpisodesControllerManager.m; sourceTree = "<group>"; };
		012CF4BE2AB3F3E80098BAE3 /* HTVideoPlayerControllerModel.m */ = {isa = PBXFileReference; fileEncoding = 4; lastKnownFileType = sourcecode.c.objc; path = HTVideoPlayerControllerModel.m; sourceTree = "<group>"; };
		012CF4BF2AB3F3E80098BAE3 /* HTSwitchLanguageViewManager.m */ = {isa = PBXFileReference; fileEncoding = 4; lastKnownFileType = sourcecode.c.objc; path = HTSwitchLanguageViewManager.m; sourceTree = "<group>"; };
		012CF4C02AB3F3E80098BAE3 /* HTVerticalAdjustSubtitleTimeViewController.h */ = {isa = PBXFileReference; fileEncoding = 4; lastKnownFileType = sourcecode.c.h; path = HTVerticalAdjustSubtitleTimeViewController.h; sourceTree = "<group>"; };
		012CF4C12AB3F3E80098BAE3 /* HTSubtitleLayerManager.h */ = {isa = PBXFileReference; fileEncoding = 4; lastKnownFileType = sourcecode.c.h; path = HTSubtitleLayerManager.h; sourceTree = "<group>"; };
		012CF4C22AB3F3E80098BAE3 /* HTAdjustSubtitleTimeViewController.h */ = {isa = PBXFileReference; fileEncoding = 4; lastKnownFileType = sourcecode.c.h; path = HTAdjustSubtitleTimeViewController.h; sourceTree = "<group>"; };
		012CF4C32AB3F3E80098BAE3 /* HTSubtitlesLayerController.h */ = {isa = PBXFileReference; fileEncoding = 4; lastKnownFileType = sourcecode.c.h; path = HTSubtitlesLayerController.h; sourceTree = "<group>"; };
		012CF4C42AB3F3E80098BAE3 /* HTVerticalSubtitleSettingViewController.m */ = {isa = PBXFileReference; fileEncoding = 4; lastKnownFileType = sourcecode.c.objc; path = HTVerticalSubtitleSettingViewController.m; sourceTree = "<group>"; };
		012CF4C52AB3F3E80098BAE3 /* HTVerticalSwitchLanguageViewController.h */ = {isa = PBXFileReference; fileEncoding = 4; lastKnownFileType = sourcecode.c.h; path = HTVerticalSwitchLanguageViewController.h; sourceTree = "<group>"; };
		012CF4C62AB3F3E80098BAE3 /* HTSubtitleSettingViewManager.m */ = {isa = PBXFileReference; fileEncoding = 4; lastKnownFileType = sourcecode.c.objc; path = HTSubtitleSettingViewManager.m; sourceTree = "<group>"; };
		012CF4C72AB3F3E80098BAE3 /* HTAdjustSubtitleViewManager.m */ = {isa = PBXFileReference; fileEncoding = 4; lastKnownFileType = sourcecode.c.objc; path = HTAdjustSubtitleViewManager.m; sourceTree = "<group>"; };
		012CF4C92AB3F3E80098BAE3 /* HTSubtitleModel.h */ = {isa = PBXFileReference; fileEncoding = 4; lastKnownFileType = sourcecode.c.h; path = HTSubtitleModel.h; sourceTree = "<group>"; };
		012CF4CA2AB3F3E80098BAE3 /* HTDetailSubtitleModel.h */ = {isa = PBXFileReference; fileEncoding = 4; lastKnownFileType = sourcecode.c.h; path = HTDetailSubtitleModel.h; sourceTree = "<group>"; };
		012CF4CB2AB3F3E80098BAE3 /* HTSubtitlesModel.h */ = {isa = PBXFileReference; fileEncoding = 4; lastKnownFileType = sourcecode.c.h; path = HTSubtitlesModel.h; sourceTree = "<group>"; };
		012CF4CC2AB3F3E80098BAE3 /* HTSubtitleModel.m */ = {isa = PBXFileReference; fileEncoding = 4; lastKnownFileType = sourcecode.c.objc; path = HTSubtitleModel.m; sourceTree = "<group>"; };
		012CF4CD2AB3F3E80098BAE3 /* HTDetailSubtitleModel.m */ = {isa = PBXFileReference; fileEncoding = 4; lastKnownFileType = sourcecode.c.objc; path = HTDetailSubtitleModel.m; sourceTree = "<group>"; };
		012CF4CE2AB3F3E80098BAE3 /* HTSubtitlesModel.m */ = {isa = PBXFileReference; fileEncoding = 4; lastKnownFileType = sourcecode.c.objc; path = HTSubtitlesModel.m; sourceTree = "<group>"; };
		012CF4D02AB3F3E80098BAE3 /* HTMovieCollectionView.h */ = {isa = PBXFileReference; fileEncoding = 4; lastKnownFileType = sourcecode.c.h; path = HTMovieCollectionView.h; sourceTree = "<group>"; };
		012CF4D12AB3F3E80098BAE3 /* HTDropDownListCell.h */ = {isa = PBXFileReference; fileEncoding = 4; lastKnownFileType = sourcecode.c.h; path = HTDropDownListCell.h; sourceTree = "<group>"; };
		012CF4D22AB3F3E80098BAE3 /* HTDropdownListItem.h */ = {isa = PBXFileReference; fileEncoding = 4; lastKnownFileType = sourcecode.c.h; path = HTDropdownListItem.h; sourceTree = "<group>"; };
		012CF4D32AB3F3E80098BAE3 /* HTFullScreenPlayButtons.h */ = {isa = PBXFileReference; fileEncoding = 4; lastKnownFileType = sourcecode.c.h; path = HTFullScreenPlayButtons.h; sourceTree = "<group>"; };
		012CF4D42AB3F3E80098BAE3 /* HTTVHeaderViewCell.h */ = {isa = PBXFileReference; fileEncoding = 4; lastKnownFileType = sourcecode.c.h; path = HTTVHeaderViewCell.h; sourceTree = "<group>"; };
		012CF4D52AB3F3E80098BAE3 /* HTMoviePlayMaskView.m */ = {isa = PBXFileReference; fileEncoding = 4; lastKnownFileType = sourcecode.c.objc; path = HTMoviePlayMaskView.m; sourceTree = "<group>"; };
		012CF4D62AB3F3E80098BAE3 /* HTEpisodeTableHeader.m */ = {isa = PBXFileReference; fileEncoding = 4; lastKnownFileType = sourcecode.c.objc; path = HTEpisodeTableHeader.m; sourceTree = "<group>"; };
		012CF4D72AB3F3E80098BAE3 /* HTEpisodeTableView.h */ = {isa = PBXFileReference; fileEncoding = 4; lastKnownFileType = sourcecode.c.h; path = HTEpisodeTableView.h; sourceTree = "<group>"; };
		012CF4D82AB3F3E80098BAE3 /* HTEpisodeTableCell.h */ = {isa = PBXFileReference; fileEncoding = 4; lastKnownFileType = sourcecode.c.h; path = HTEpisodeTableCell.h; sourceTree = "<group>"; };
		012CF4D92AB3F3E80098BAE3 /* HTCastInstallView.m */ = {isa = PBXFileReference; fileEncoding = 4; lastKnownFileType = sourcecode.c.objc; path = HTCastInstallView.m; sourceTree = "<group>"; };
		012CF4DA2AB3F3E80098BAE3 /* HTEpisodeCellManager.h */ = {isa = PBXFileReference; fileEncoding = 4; lastKnownFileType = sourcecode.c.h; path = HTEpisodeCellManager.h; sourceTree = "<group>"; };
		012CF4DB2AB3F3E80098BAE3 /* HTEpisodeHeaderManager.h */ = {isa = PBXFileReference; fileEncoding = 4; lastKnownFileType = sourcecode.c.h; path = HTEpisodeHeaderManager.h; sourceTree = "<group>"; };
		012CF4DC2AB3F3E80098BAE3 /* HTDropdownListView.h */ = {isa = PBXFileReference; fileEncoding = 4; lastKnownFileType = sourcecode.c.h; path = HTDropdownListView.h; sourceTree = "<group>"; };
		012CF4DD2AB3F3E80098BAE3 /* HTAdjustCell.m */ = {isa = PBXFileReference; fileEncoding = 4; lastKnownFileType = sourcecode.c.objc; path = HTAdjustCell.m; sourceTree = "<group>"; };
		012CF4DE2AB3F3E80098BAE3 /* HTEpisodesCollectionCell.m */ = {isa = PBXFileReference; fileEncoding = 4; lastKnownFileType = sourcecode.c.objc; path = HTEpisodesCollectionCell.m; sourceTree = "<group>"; };
		012CF4DF2AB3F3E80098BAE3 /* HTTVHeaderCellManager.m */ = {isa = PBXFileReference; fileEncoding = 4; lastKnownFileType = sourcecode.c.objc; path = HTTVHeaderCellManager.m; sourceTree = "<group>"; };
		012CF4E02AB3F3E80098BAE3 /* HTNotAuthTipsView.h */ = {isa = PBXFileReference; fileEncoding = 4; lastKnownFileType = sourcecode.c.h; path = HTNotAuthTipsView.h; sourceTree = "<group>"; };
		012CF4E12AB3F3E80098BAE3 /* HTMovieHeaderCellManager.h */ = {isa = PBXFileReference; fileEncoding = 4; lastKnownFileType = sourcecode.c.h; path = HTMovieHeaderCellManager.h; sourceTree = "<group>"; };
		012CF4E22AB3F3E80098BAE3 /* HTSubtitlesLayerCell.h */ = {isa = PBXFileReference; fileEncoding = 4; lastKnownFileType = sourcecode.c.h; path = HTSubtitlesLayerCell.h; sourceTree = "<group>"; };
		012CF4E32AB3F3E80098BAE3 /* HTSwitchLanguageCell.h */ = {isa = PBXFileReference; fileEncoding = 4; lastKnownFileType = sourcecode.c.h; path = HTSwitchLanguageCell.h; sourceTree = "<group>"; };
		012CF4E42AB3F3E80098BAE3 /* HTMovieHeaderCollectionCell.h */ = {isa = PBXFileReference; fileEncoding = 4; lastKnownFileType = sourcecode.c.h; path = HTMovieHeaderCollectionCell.h; sourceTree = "<group>"; };
		012CF4E52AB3F3E80098BAE3 /* HTEpisodeTableView.m */ = {isa = PBXFileReference; fileEncoding = 4; lastKnownFileType = sourcecode.c.objc; path = HTEpisodeTableView.m; sourceTree = "<group>"; };
		012CF4E62AB3F3E80098BAE3 /* HTEpisodeTableHeader.h */ = {isa = PBXFileReference; fileEncoding = 4; lastKnownFileType = sourcecode.c.h; path = HTEpisodeTableHeader.h; sourceTree = "<group>"; };
		012CF4E72AB3F3E80098BAE3 /* HTMoviePlayMaskView.h */ = {isa = PBXFileReference; fileEncoding = 4; lastKnownFileType = sourcecode.c.h; path = HTMoviePlayMaskView.h; sourceTree = "<group>"; };
		012CF4E82AB3F3E80098BAE3 /* HTTVHeaderViewCell.m */ = {isa = PBXFileReference; fileEncoding = 4; lastKnownFileType = sourcecode.c.objc; path = HTTVHeaderViewCell.m; sourceTree = "<group>"; };
		012CF4E92AB3F3E80098BAE3 /* HTDropdownListItem.m */ = {isa = PBXFileReference; fileEncoding = 4; lastKnownFileType = sourcecode.c.objc; path = HTDropdownListItem.m; sourceTree = "<group>"; };
		012CF4EA2AB3F3E80098BAE3 /* HTFullScreenPlayButtons.m */ = {isa = PBXFileReference; fileEncoding = 4; lastKnownFileType = sourcecode.c.objc; path = HTFullScreenPlayButtons.m; sourceTree = "<group>"; };
		012CF4EB2AB3F3E80098BAE3 /* HTMovieCollectionView.m */ = {isa = PBXFileReference; fileEncoding = 4; lastKnownFileType = sourcecode.c.objc; path = HTMovieCollectionView.m; sourceTree = "<group>"; };
		012CF4EC2AB3F3E80098BAE3 /* HTDropDownListCell.m */ = {isa = PBXFileReference; fileEncoding = 4; lastKnownFileType = sourcecode.c.objc; path = HTDropDownListCell.m; sourceTree = "<group>"; };
		012CF4ED2AB3F3E80098BAE3 /* HTDropdownListView.m */ = {isa = PBXFileReference; fileEncoding = 4; lastKnownFileType = sourcecode.c.objc; path = HTDropdownListView.m; sourceTree = "<group>"; };
		012CF4EE2AB3F3E80098BAE3 /* HTEpisodeHeaderManager.m */ = {isa = PBXFileReference; fileEncoding = 4; lastKnownFileType = sourcecode.c.objc; path = HTEpisodeHeaderManager.m; sourceTree = "<group>"; };
		012CF4EF2AB3F3E80098BAE3 /* HTEpisodeTableCell.m */ = {isa = PBXFileReference; fileEncoding = 4; lastKnownFileType = sourcecode.c.objc; path = HTEpisodeTableCell.m; sourceTree = "<group>"; };
		012CF4F02AB3F3E80098BAE3 /* HTCastInstallView.h */ = {isa = PBXFileReference; fileEncoding = 4; lastKnownFileType = sourcecode.c.h; path = HTCastInstallView.h; sourceTree = "<group>"; };
		012CF4F12AB3F3E80098BAE3 /* HTEpisodeCellManager.m */ = {isa = PBXFileReference; fileEncoding = 4; lastKnownFileType = sourcecode.c.objc; path = HTEpisodeCellManager.m; sourceTree = "<group>"; };
		012CF4F22AB3F3E80098BAE3 /* HTNotAuthTipsView.m */ = {isa = PBXFileReference; fileEncoding = 4; lastKnownFileType = sourcecode.c.objc; path = HTNotAuthTipsView.m; sourceTree = "<group>"; };
		012CF4F32AB3F3E80098BAE3 /* HTTVHeaderCellManager.h */ = {isa = PBXFileReference; fileEncoding = 4; lastKnownFileType = sourcecode.c.h; path = HTTVHeaderCellManager.h; sourceTree = "<group>"; };
		012CF4F42AB3F3E80098BAE3 /* HTEpisodesCollectionCell.h */ = {isa = PBXFileReference; fileEncoding = 4; lastKnownFileType = sourcecode.c.h; path = HTEpisodesCollectionCell.h; sourceTree = "<group>"; };
		012CF4F52AB3F3E80098BAE3 /* HTAdjustCell.h */ = {isa = PBXFileReference; fileEncoding = 4; lastKnownFileType = sourcecode.c.h; path = HTAdjustCell.h; sourceTree = "<group>"; };
		012CF4F62AB3F3E80098BAE3 /* HTMovieHeaderCollectionCell.m */ = {isa = PBXFileReference; fileEncoding = 4; lastKnownFileType = sourcecode.c.objc; path = HTMovieHeaderCollectionCell.m; sourceTree = "<group>"; };
		012CF4F72AB3F3E80098BAE3 /* HTSwitchLanguageCell.m */ = {isa = PBXFileReference; fileEncoding = 4; lastKnownFileType = sourcecode.c.objc; path = HTSwitchLanguageCell.m; sourceTree = "<group>"; };
		012CF4F82AB3F3E80098BAE3 /* HTMovieHeaderCellManager.m */ = {isa = PBXFileReference; fileEncoding = 4; lastKnownFileType = sourcecode.c.objc; path = HTMovieHeaderCellManager.m; sourceTree = "<group>"; };
		012CF4F92AB3F3E80098BAE3 /* HTSubtitlesLayerCell.m */ = {isa = PBXFileReference; fileEncoding = 4; lastKnownFileType = sourcecode.c.objc; path = HTSubtitlesLayerCell.m; sourceTree = "<group>"; };
		0E4CC65C7F022335ACBCF091 /* Pods-Runner.release.xcconfig */ = {isa = PBXFileReference; includeInIndex = 1; lastKnownFileType = text.xcconfig; name = "Pods-Runner.release.xcconfig"; path = "Target Support Files/Pods-Runner/Pods-Runner.release.xcconfig"; sourceTree = "<group>"; };
		5A05D6E401300E8D195FC034 /* Pods-Runner.debug.xcconfig */ = {isa = PBXFileReference; includeInIndex = 1; lastKnownFileType = text.xcconfig; name = "Pods-Runner.debug.xcconfig"; path = "Target Support Files/Pods-Runner/Pods-Runner.debug.xcconfig"; sourceTree = "<group>"; };
		C0988C75D0BCBA89E353F2D9 /* Pods_Runner.framework */ = {isa = PBXFileReference; explicitFileType = wrapper.framework; includeInIndex = 0; path = Pods_Runner.framework; sourceTree = BUILT_PRODUCTS_DIR; };
/* End PBXFileReference section */

/* Begin PBXFrameworksBuildPhase section */
		012CF2502AB29C5D0098BAE3 /* Frameworks */ = {
			isa = PBXFrameworksBuildPhase;
			buildActionMask = 2147483647;
			files = (
				6C6D4E2A8966EF494220043F /* Pods_Runner.framework in Frameworks */,
			);
			runOnlyForDeploymentPostprocessing = 0;
		};
/* End PBXFrameworksBuildPhase section */

/* Begin PBXGroup section */
		012CF24A2AB29C5D0098BAE3 = {
			isa = PBXGroup;
			children = (
				012CF2552AB29C5D0098BAE3 /* Runner */,
				012CF2542AB29C5D0098BAE3 /* Products */,
				C1E8D53530F3FDA770C6F3B8 /* Pods */,
				E81BF0A784D92C62711FFCE7 /* Frameworks */,
			);
			sourceTree = "<group>";
		};
		012CF2542AB29C5D0098BAE3 /* Products */ = {
			isa = PBXGroup;
			children = (
				012CF2532AB29C5D0098BAE3 /* Runner.app */,
			);
			name = Products;
			sourceTree = "<group>";
		};
		012CF2552AB29C5D0098BAE3 /* Runner */ = {
			isa = PBXGroup;
			children = (
				012CF26F2AB29E5D0098BAE3 /* Classes */,
				012CF2562AB29C5D0098BAE3 /* AppDelegate.h */,
				012CF2572AB29C5D0098BAE3 /* AppDelegate.m */,
				012CF2592AB29C5D0098BAE3 /* SceneDelegate.h */,
				012CF25A2AB29C5D0098BAE3 /* SceneDelegate.m */,
				012CF25C2AB29C5D0098BAE3 /* ViewController.h */,
				012CF25D2AB29C5D0098BAE3 /* ViewController.m */,
				012CF2D52AB2AD120098BAE3 /* PrefixHeader.pch */,
				012CF25F2AB29C5D0098BAE3 /* Main.storyboard */,
				012CF2622AB29C5F0098BAE3 /* Assets.xcassets */,
				012CF2642AB29C5F0098BAE3 /* LaunchScreen.storyboard */,
				012CF2672AB29C5F0098BAE3 /* Info.plist */,
				012CF2682AB29C5F0098BAE3 /* main.m */,
			);
			path = Runner;
			sourceTree = "<group>";
		};
		012CF26F2AB29E5D0098BAE3 /* Classes */ = {
			isa = PBXGroup;
			children = (
				012CF4A02AB3F3E80098BAE3 /* Subtitles */,
				012CF4A32AB3F3E80098BAE3 /* VideoPlayer */,
			);
			path = Classes;
			sourceTree = SOURCE_ROOT;
		};
		012CF4A02AB3F3E80098BAE3 /* Subtitles */ = {
			isa = PBXGroup;
			children = (
				012CF4A12AB3F3E80098BAE3 /* HTSubTitlesUtils.m */,
				012CF4A22AB3F3E80098BAE3 /* HTSubTitlesUtils.h */,
			);
			path = Subtitles;
			sourceTree = "<group>";
		};
		012CF4A32AB3F3E80098BAE3 /* VideoPlayer */ = {
			isa = PBXGroup;
			children = (
				012CF4A42AB3F3E80098BAE3 /* ViewModel */,
				012CF4AB2AB3F3E80098BAE3 /* Controller */,
				012CF4C82AB3F3E80098BAE3 /* Model */,
				012CF4CF2AB3F3E80098BAE3 /* Views */,
			);
			path = VideoPlayer;
			sourceTree = "<group>";
		};
		012CF4A42AB3F3E80098BAE3 /* ViewModel */ = {
			isa = PBXGroup;
			children = (
				012CF4A72AB3F3E80098BAE3 /* HTMoviePlayerViewModel.h */,
				012CF4AA2AB3F3E80098BAE3 /* HTMoviePlayerViewModel.m */,
				012CF4A82AB3F3E80098BAE3 /* HTTVPlayerViewModel.h */,
				012CF4A62AB3F3E80098BAE3 /* HTTVPlayerViewModel.m */,
				012CF4A92AB3F3E80098BAE3 /* HTVideoPlayerViewModel.h */,
				012CF4A52AB3F3E80098BAE3 /* HTVideoPlayerViewModel.m */,
			);
			path = ViewModel;
			sourceTree = "<group>";
		};
		012CF4AB2AB3F3E80098BAE3 /* Controller */ = {
			isa = PBXGroup;
			children = (
				012CF4C22AB3F3E80098BAE3 /* HTAdjustSubtitleTimeViewController.h */,
				012CF4B92AB3F3E80098BAE3 /* HTAdjustSubtitleTimeViewController.m */,
				012CF4B42AB3F3E80098BAE3 /* HTAdjustSubtitleViewManager.h */,
				012CF4C72AB3F3E80098BAE3 /* HTAdjustSubtitleViewManager.m */,
				012CF4AE2AB3F3E80098BAE3 /* HTEpisodesControllerManager.h */,
				012CF4BD2AB3F3E80098BAE3 /* HTEpisodesControllerManager.m */,
				012CF4BB2AB3F3E80098BAE3 /* HTEpisodesControllLayerController.h */,
				012CF4AC2AB3F3E80098BAE3 /* HTEpisodesControllLayerController.m */,
				012CF4C12AB3F3E80098BAE3 /* HTSubtitleLayerManager.h */,
				012CF4B12AB3F3E80098BAE3 /* HTSubtitleLayerManager.m */,
				012CF4B72AB3F3E80098BAE3 /* HTSubtitleSettingViewManager.h */,
				012CF4C62AB3F3E80098BAE3 /* HTSubtitleSettingViewManager.m */,
				012CF4C32AB3F3E80098BAE3 /* HTSubtitlesLayerController.h */,
				012CF4B82AB3F3E80098BAE3 /* HTSubtitlesLayerController.m */,
				012CF4B02AB3F3E80098BAE3 /* HTSwitchLanguageViewController.h */,
				012CF4BC2AB3F3E80098BAE3 /* HTSwitchLanguageViewController.m */,
				012CF4B32AB3F3E80098BAE3 /* HTSwitchLanguageViewManager.h */,
				012CF4BF2AB3F3E80098BAE3 /* HTSwitchLanguageViewManager.m */,
				012CF4C02AB3F3E80098BAE3 /* HTVerticalAdjustSubtitleTimeViewController.h */,
				012CF4B22AB3F3E80098BAE3 /* HTVerticalAdjustSubtitleTimeViewController.m */,
				012CF4B52AB3F3E80098BAE3 /* HTVerticalSubtitleSettingViewController.h */,
				012CF4C42AB3F3E80098BAE3 /* HTVerticalSubtitleSettingViewController.m */,
				012CF4C52AB3F3E80098BAE3 /* HTVerticalSwitchLanguageViewController.h */,
				012CF4B62AB3F3E80098BAE3 /* HTVerticalSwitchLanguageViewController.m */,
				012CF4AF2AB3F3E80098BAE3 /* HTVideoPlayerControllerModel.h */,
				012CF4BE2AB3F3E80098BAE3 /* HTVideoPlayerControllerModel.m */,
				012CF4BA2AB3F3E80098BAE3 /* HTVideoPlayerViewController.h */,
				012CF4AD2AB3F3E80098BAE3 /* HTVideoPlayerViewController.m */,
			);
			path = Controller;
			sourceTree = "<group>";
		};
		012CF4C82AB3F3E80098BAE3 /* Model */ = {
			isa = PBXGroup;
			children = (
				012CF4CA2AB3F3E80098BAE3 /* HTDetailSubtitleModel.h */,
				012CF4CD2AB3F3E80098BAE3 /* HTDetailSubtitleModel.m */,
				012CF4C92AB3F3E80098BAE3 /* HTSubtitleModel.h */,
				012CF4CC2AB3F3E80098BAE3 /* HTSubtitleModel.m */,
				012CF4CB2AB3F3E80098BAE3 /* HTSubtitlesModel.h */,
				012CF4CE2AB3F3E80098BAE3 /* HTSubtitlesModel.m */,
			);
			path = Model;
			sourceTree = "<group>";
		};
		012CF4CF2AB3F3E80098BAE3 /* Views */ = {
			isa = PBXGroup;
			children = (
				012CF4F52AB3F3E80098BAE3 /* HTAdjustCell.h */,
				012CF4DD2AB3F3E80098BAE3 /* HTAdjustCell.m */,
				012CF4F02AB3F3E80098BAE3 /* HTCastInstallView.h */,
				012CF4D92AB3F3E80098BAE3 /* HTCastInstallView.m */,
				012CF4D12AB3F3E80098BAE3 /* HTDropDownListCell.h */,
				012CF4EC2AB3F3E80098BAE3 /* HTDropDownListCell.m */,
				012CF4D22AB3F3E80098BAE3 /* HTDropdownListItem.h */,
				012CF4E92AB3F3E80098BAE3 /* HTDropdownListItem.m */,
				012CF4DC2AB3F3E80098BAE3 /* HTDropdownListView.h */,
				012CF4ED2AB3F3E80098BAE3 /* HTDropdownListView.m */,
				012CF4DA2AB3F3E80098BAE3 /* HTEpisodeCellManager.h */,
				012CF4F12AB3F3E80098BAE3 /* HTEpisodeCellManager.m */,
				012CF4DB2AB3F3E80098BAE3 /* HTEpisodeHeaderManager.h */,
				012CF4EE2AB3F3E80098BAE3 /* HTEpisodeHeaderManager.m */,
				012CF4F42AB3F3E80098BAE3 /* HTEpisodesCollectionCell.h */,
				012CF4DE2AB3F3E80098BAE3 /* HTEpisodesCollectionCell.m */,
				012CF4D82AB3F3E80098BAE3 /* HTEpisodeTableCell.h */,
				012CF4EF2AB3F3E80098BAE3 /* HTEpisodeTableCell.m */,
				012CF4E62AB3F3E80098BAE3 /* HTEpisodeTableHeader.h */,
				012CF4D62AB3F3E80098BAE3 /* HTEpisodeTableHeader.m */,
				012CF4D72AB3F3E80098BAE3 /* HTEpisodeTableView.h */,
				012CF4E52AB3F3E80098BAE3 /* HTEpisodeTableView.m */,
				012CF4D32AB3F3E80098BAE3 /* HTFullScreenPlayButtons.h */,
				012CF4EA2AB3F3E80098BAE3 /* HTFullScreenPlayButtons.m */,
				012CF4D02AB3F3E80098BAE3 /* HTMovieCollectionView.h */,
				012CF4EB2AB3F3E80098BAE3 /* HTMovieCollectionView.m */,
				012CF4E12AB3F3E80098BAE3 /* HTMovieHeaderCellManager.h */,
				012CF4F82AB3F3E80098BAE3 /* HTMovieHeaderCellManager.m */,
				012CF4E42AB3F3E80098BAE3 /* HTMovieHeaderCollectionCell.h */,
				012CF4F62AB3F3E80098BAE3 /* HTMovieHeaderCollectionCell.m */,
				012CF4E72AB3F3E80098BAE3 /* HTMoviePlayMaskView.h */,
				012CF4D52AB3F3E80098BAE3 /* HTMoviePlayMaskView.m */,
				012CF4E02AB3F3E80098BAE3 /* HTNotAuthTipsView.h */,
				012CF4F22AB3F3E80098BAE3 /* HTNotAuthTipsView.m */,
				012CF4E22AB3F3E80098BAE3 /* HTSubtitlesLayerCell.h */,
				012CF4F92AB3F3E80098BAE3 /* HTSubtitlesLayerCell.m */,
				012CF4E32AB3F3E80098BAE3 /* HTSwitchLanguageCell.h */,
				012CF4F72AB3F3E80098BAE3 /* HTSwitchLanguageCell.m */,
				012CF4F32AB3F3E80098BAE3 /* HTTVHeaderCellManager.h */,
				012CF4DF2AB3F3E80098BAE3 /* HTTVHeaderCellManager.m */,
				012CF4D42AB3F3E80098BAE3 /* HTTVHeaderViewCell.h */,
				012CF4E82AB3F3E80098BAE3 /* HTTVHeaderViewCell.m */,
			);
			path = Views;
			sourceTree = "<group>";
		};
		C1E8D53530F3FDA770C6F3B8 /* Pods */ = {
			isa = PBXGroup;
			children = (
				5A05D6E401300E8D195FC034 /* Pods-Runner.debug.xcconfig */,
				0E4CC65C7F022335ACBCF091 /* Pods-Runner.release.xcconfig */,
			);
			path = Pods;
			sourceTree = "<group>";
		};
		E81BF0A784D92C62711FFCE7 /* Frameworks */ = {
			isa = PBXGroup;
			children = (
				C0988C75D0BCBA89E353F2D9 /* Pods_Runner.framework */,
			);
			name = Frameworks;
			sourceTree = "<group>";
		};
/* End PBXGroup section */

/* Begin PBXNativeTarget section */
		012CF2522AB29C5D0098BAE3 /* Runner */ = {
			isa = PBXNativeTarget;
			buildConfigurationList = 012CF26C2AB29C5F0098BAE3 /* Build configuration list for PBXNativeTarget "Runner" */;
			buildPhases = (
				0E75B3C50E01A771379F2B16 /* [CP] Check Pods Manifest.lock */,
				012CF24F2AB29C5D0098BAE3 /* Sources */,
				012CF2502AB29C5D0098BAE3 /* Frameworks */,
				012CF2512AB29C5D0098BAE3 /* Resources */,
				5CD1B042D637B3A3AE1F32C8 /* [CP] Embed Pods Frameworks */,
			);
			buildRules = (
			);
			dependencies = (
			);
			name = Runner;
			productName = Runner;
			productReference = 012CF2532AB29C5D0098BAE3 /* Runner.app */;
			productType = "com.apple.product-type.application";
		};
/* End PBXNativeTarget section */

/* Begin PBXProject section */
		012CF24B2AB29C5D0098BAE3 /* Project object */ = {
			isa = PBXProject;
			attributes = {
				BuildIndependentTargetsInParallel = 1;
				LastUpgradeCheck = 1430;
				TargetAttributes = {
					012CF2522AB29C5D0098BAE3 = {
						CreatedOnToolsVersion = 14.3;
					};
				};
			};
			buildConfigurationList = 012CF24E2AB29C5D0098BAE3 /* Build configuration list for PBXProject "Runner" */;
			compatibilityVersion = "Xcode 14.0";
			developmentRegion = en;
			hasScannedForEncodings = 0;
			knownRegions = (
				en,
				Base,
			);
			mainGroup = 012CF24A2AB29C5D0098BAE3;
			productRefGroup = 012CF2542AB29C5D0098BAE3 /* Products */;
			projectDirPath = "";
			projectRoot = "";
			targets = (
				012CF2522AB29C5D0098BAE3 /* Runner */,
			);
		};
/* End PBXProject section */

/* Begin PBXResourcesBuildPhase section */
		012CF2512AB29C5D0098BAE3 /* Resources */ = {
			isa = PBXResourcesBuildPhase;
			buildActionMask = 2147483647;
			files = (
				012CF2662AB29C5F0098BAE3 /* LaunchScreen.storyboard in Resources */,
				012CF2632AB29C5F0098BAE3 /* Assets.xcassets in Resources */,
				012CF2612AB29C5D0098BAE3 /* Main.storyboard in Resources */,
			);
			runOnlyForDeploymentPostprocessing = 0;
		};
/* End PBXResourcesBuildPhase section */

/* Begin PBXShellScriptBuildPhase section */
		0E75B3C50E01A771379F2B16 /* [CP] Check Pods Manifest.lock */ = {
			isa = PBXShellScriptBuildPhase;
			buildActionMask = 2147483647;
			files = (
			);
			inputFileListPaths = (
			);
			inputPaths = (
				"${PODS_PODFILE_DIR_PATH}/Podfile.lock",
				"${PODS_ROOT}/Manifest.lock",
			);
			name = "[CP] Check Pods Manifest.lock";
			outputFileListPaths = (
			);
			outputPaths = (
				"$(DERIVED_FILE_DIR)/Pods-Runner-checkManifestLockResult.txt",
			);
			runOnlyForDeploymentPostprocessing = 0;
			shellPath = /bin/sh;
			shellScript = "diff \"${PODS_PODFILE_DIR_PATH}/Podfile.lock\" \"${PODS_ROOT}/Manifest.lock\" > /dev/null\nif [ $? != 0 ] ; then\n    # print error to STDERR\n    echo \"error: The sandbox is not in sync with the Podfile.lock. Run 'pod install' or update your CocoaPods installation.\" >&2\n    exit 1\nfi\n# This output is used by Xcode 'outputs' to avoid re-running this script phase.\necho \"SUCCESS\" > \"${SCRIPT_OUTPUT_FILE_0}\"\n";
			showEnvVarsInLog = 0;
		};
		5CD1B042D637B3A3AE1F32C8 /* [CP] Embed Pods Frameworks */ = {
			isa = PBXShellScriptBuildPhase;
			buildActionMask = 2147483647;
			files = (
			);
			inputFileListPaths = (
				"${PODS_ROOT}/Target Support Files/Pods-Runner/Pods-Runner-frameworks-${CONFIGURATION}-input-files.xcfilelist",
			);
			name = "[CP] Embed Pods Frameworks";
			outputFileListPaths = (
				"${PODS_ROOT}/Target Support Files/Pods-Runner/Pods-Runner-frameworks-${CONFIGURATION}-output-files.xcfilelist",
			);
			runOnlyForDeploymentPostprocessing = 0;
			shellPath = /bin/sh;
			shellScript = "\"${PODS_ROOT}/Target Support Files/Pods-Runner/Pods-Runner-frameworks.sh\"\n";
			showEnvVarsInLog = 0;
		};
/* End PBXShellScriptBuildPhase section */

/* Begin PBXSourcesBuildPhase section */
		012CF24F2AB29C5D0098BAE3 /* Sources */ = {
			isa = PBXSourcesBuildPhase;
			buildActionMask = 2147483647;
			files = (
				012CF4FD2AB3F3E80098BAE3 /* HTMoviePlayerViewModel.m in Sources */,
				012CF51A2AB3F3E80098BAE3 /* HTDropDownListCell.m in Sources */,
				012CF4FA2AB3F3E80098BAE3 /* HTSubTitlesUtils.m in Sources */,
				012CF5072AB3F3E80098BAE3 /* HTVideoPlayerControllerModel.m in Sources */,
				012CF5112AB3F3E80098BAE3 /* HTCastInstallView.m in Sources */,
				012CF50E2AB3F3E80098BAE3 /* HTSubtitlesModel.m in Sources */,
				012CF5192AB3F3E80098BAE3 /* HTMovieCollectionView.m in Sources */,
				012CF50A2AB3F3E80098BAE3 /* HTSubtitleSettingViewManager.m in Sources */,
				012CF5092AB3F3E80098BAE3 /* HTVerticalSubtitleSettingViewController.m in Sources */,
				012CF5012AB3F3E80098BAE3 /* HTVerticalAdjustSubtitleTimeViewController.m in Sources */,
				012CF4FB2AB3F3E80098BAE3 /* HTVideoPlayerViewModel.m in Sources */,
				012CF5202AB3F3E80098BAE3 /* HTMovieHeaderCollectionCell.m in Sources */,
				012CF5102AB3F3E80098BAE3 /* HTEpisodeTableHeader.m in Sources */,
				012CF5162AB3F3E80098BAE3 /* HTTVHeaderViewCell.m in Sources */,
				012CF5022AB3F3E80098BAE3 /* HTVerticalSwitchLanguageViewController.m in Sources */,
				012CF5002AB3F3E80098BAE3 /* HTSubtitleLayerManager.m in Sources */,
				012CF4FF2AB3F3E80098BAE3 /* HTVideoPlayerViewController.m in Sources */,
				012CF5042AB3F3E80098BAE3 /* HTAdjustSubtitleTimeViewController.m in Sources */,
				012CF5082AB3F3E80098BAE3 /* HTSwitchLanguageViewManager.m in Sources */,
				012CF5182AB3F3E80098BAE3 /* HTFullScreenPlayButtons.m in Sources */,
				012CF5052AB3F3E80098BAE3 /* HTSwitchLanguageViewController.m in Sources */,
				012CF5122AB3F3E80098BAE3 /* HTAdjustCell.m in Sources */,
				012CF5222AB3F3E80098BAE3 /* HTMovieHeaderCellManager.m in Sources */,
				012CF51E2AB3F3E80098BAE3 /* HTEpisodeCellManager.m in Sources */,
				012CF25E2AB29C5D0098BAE3 /* ViewController.m in Sources */,
				012CF50D2AB3F3E80098BAE3 /* HTDetailSubtitleModel.m in Sources */,
				012CF5142AB3F3E80098BAE3 /* HTTVHeaderCellManager.m in Sources */,
				012CF2582AB29C5D0098BAE3 /* AppDelegate.m in Sources */,
				012CF5062AB3F3E80098BAE3 /* HTEpisodesControllerManager.m in Sources */,
				012CF5232AB3F3E80098BAE3 /* HTSubtitlesLayerCell.m in Sources */,
				012CF4FC2AB3F3E80098BAE3 /* HTTVPlayerViewModel.m in Sources */,
				012CF51F2AB3F3E80098BAE3 /* HTNotAuthTipsView.m in Sources */,
				012CF51B2AB3F3E80098BAE3 /* HTDropdownListView.m in Sources */,
				012CF5152AB3F3E80098BAE3 /* HTEpisodeTableView.m in Sources */,
				012CF50C2AB3F3E80098BAE3 /* HTSubtitleModel.m in Sources */,
				012CF4FE2AB3F3E80098BAE3 /* HTEpisodesControllLayerController.m in Sources */,
				012CF50F2AB3F3E80098BAE3 /* HTMoviePlayMaskView.m in Sources */,
				012CF5212AB3F3E80098BAE3 /* HTSwitchLanguageCell.m in Sources */,
				012CF2692AB29C5F0098BAE3 /* main.m in Sources */,
				012CF25B2AB29C5D0098BAE3 /* SceneDelegate.m in Sources */,
				012CF5032AB3F3E80098BAE3 /* HTSubtitlesLayerController.m in Sources */,
				012CF50B2AB3F3E80098BAE3 /* HTAdjustSubtitleViewManager.m in Sources */,
				012CF51D2AB3F3E80098BAE3 /* HTEpisodeTableCell.m in Sources */,
				012CF5132AB3F3E80098BAE3 /* HTEpisodesCollectionCell.m in Sources */,
				012CF51C2AB3F3E80098BAE3 /* HTEpisodeHeaderManager.m in Sources */,
				012CF5172AB3F3E80098BAE3 /* HTDropdownListItem.m in Sources */,
			);
			runOnlyForDeploymentPostprocessing = 0;
		};
/* End PBXSourcesBuildPhase section */

/* Begin PBXVariantGroup section */
		012CF25F2AB29C5D0098BAE3 /* Main.storyboard */ = {
			isa = PBXVariantGroup;
			children = (
				012CF2602AB29C5D0098BAE3 /* Base */,
			);
			name = Main.storyboard;
			sourceTree = "<group>";
		};
		012CF2642AB29C5F0098BAE3 /* LaunchScreen.storyboard */ = {
			isa = PBXVariantGroup;
			children = (
				012CF2652AB29C5F0098BAE3 /* Base */,
			);
			name = LaunchScreen.storyboard;
			sourceTree = "<group>";
		};
/* End PBXVariantGroup section */

/* Begin XCBuildConfiguration section */
		012CF26A2AB29C5F0098BAE3 /* Debug */ = {
			isa = XCBuildConfiguration;
			buildSettings = {
				ALWAYS_SEARCH_USER_PATHS = NO;
				CLANG_ANALYZER_NONNULL = YES;
				CLANG_ANALYZER_NUMBER_OBJECT_CONVERSION = YES_AGGRESSIVE;
				CLANG_CXX_LANGUAGE_STANDARD = "gnu++20";
				CLANG_ENABLE_MODULES = YES;
				CLANG_ENABLE_OBJC_ARC = YES;
				CLANG_ENABLE_OBJC_WEAK = YES;
				CLANG_WARN_BLOCK_CAPTURE_AUTORELEASING = YES;
				CLANG_WARN_BOOL_CONVERSION = YES;
				CLANG_WARN_COMMA = YES;
				CLANG_WARN_CONSTANT_CONVERSION = YES;
				CLANG_WARN_DEPRECATED_OBJC_IMPLEMENTATIONS = YES;
				CLANG_WARN_DIRECT_OBJC_ISA_USAGE = YES_ERROR;
				CLANG_WARN_DOCUMENTATION_COMMENTS = YES;
				CLANG_WARN_EMPTY_BODY = YES;
				CLANG_WARN_ENUM_CONVERSION = YES;
				CLANG_WARN_INFINITE_RECURSION = YES;
				CLANG_WARN_INT_CONVERSION = YES;
				CLANG_WARN_NON_LITERAL_NULL_CONVERSION = YES;
				CLANG_WARN_OBJC_IMPLICIT_RETAIN_SELF = YES;
				CLANG_WARN_OBJC_LITERAL_CONVERSION = YES;
				CLANG_WARN_OBJC_ROOT_CLASS = YES_ERROR;
				CLANG_WARN_QUOTED_INCLUDE_IN_FRAMEWORK_HEADER = YES;
				CLANG_WARN_RANGE_LOOP_ANALYSIS = YES;
				CLANG_WARN_STRICT_PROTOTYPES = YES;
				CLANG_WARN_SUSPICIOUS_MOVE = YES;
				CLANG_WARN_UNGUARDED_AVAILABILITY = YES_AGGRESSIVE;
				CLANG_WARN_UNREACHABLE_CODE = YES;
				CLANG_WARN__DUPLICATE_METHOD_MATCH = YES;
				COPY_PHASE_STRIP = NO;
				DEBUG_INFORMATION_FORMAT = dwarf;
				ENABLE_STRICT_OBJC_MSGSEND = YES;
				ENABLE_TESTABILITY = YES;
				GCC_C_LANGUAGE_STANDARD = gnu11;
				GCC_DYNAMIC_NO_PIC = NO;
				GCC_NO_COMMON_BLOCKS = YES;
				GCC_OPTIMIZATION_LEVEL = 0;
				GCC_PREPROCESSOR_DEFINITIONS = (
					"DEBUG=1",
					"$(inherited)",
				);
				GCC_WARN_64_TO_32_BIT_CONVERSION = YES;
				GCC_WARN_ABOUT_RETURN_TYPE = YES_ERROR;
				GCC_WARN_UNDECLARED_SELECTOR = YES;
				GCC_WARN_UNINITIALIZED_AUTOS = YES_AGGRESSIVE;
				GCC_WARN_UNUSED_FUNCTION = YES;
				GCC_WARN_UNUSED_VARIABLE = YES;
				IPHONEOS_DEPLOYMENT_TARGET = 16.4;
				MTL_ENABLE_DEBUG_INFO = INCLUDE_SOURCE;
				MTL_FAST_MATH = YES;
				ONLY_ACTIVE_ARCH = YES;
				SDKROOT = iphoneos;
			};
			name = Debug;
		};
		012CF26B2AB29C5F0098BAE3 /* Release */ = {
			isa = XCBuildConfiguration;
			buildSettings = {
				ALWAYS_SEARCH_USER_PATHS = NO;
				CLANG_ANALYZER_NONNULL = YES;
				CLANG_ANALYZER_NUMBER_OBJECT_CONVERSION = YES_AGGRESSIVE;
				CLANG_CXX_LANGUAGE_STANDARD = "gnu++20";
				CLANG_ENABLE_MODULES = YES;
				CLANG_ENABLE_OBJC_ARC = YES;
				CLANG_ENABLE_OBJC_WEAK = YES;
				CLANG_WARN_BLOCK_CAPTURE_AUTORELEASING = YES;
				CLANG_WARN_BOOL_CONVERSION = YES;
				CLANG_WARN_COMMA = YES;
				CLANG_WARN_CONSTANT_CONVERSION = YES;
				CLANG_WARN_DEPRECATED_OBJC_IMPLEMENTATIONS = YES;
				CLANG_WARN_DIRECT_OBJC_ISA_USAGE = YES_ERROR;
				CLANG_WARN_DOCUMENTATION_COMMENTS = YES;
				CLANG_WARN_EMPTY_BODY = YES;
				CLANG_WARN_ENUM_CONVERSION = YES;
				CLANG_WARN_INFINITE_RECURSION = YES;
				CLANG_WARN_INT_CONVERSION = YES;
				CLANG_WARN_NON_LITERAL_NULL_CONVERSION = YES;
				CLANG_WARN_OBJC_IMPLICIT_RETAIN_SELF = YES;
				CLANG_WARN_OBJC_LITERAL_CONVERSION = YES;
				CLANG_WARN_OBJC_ROOT_CLASS = YES_ERROR;
				CLANG_WARN_QUOTED_INCLUDE_IN_FRAMEWORK_HEADER = YES;
				CLANG_WARN_RANGE_LOOP_ANALYSIS = YES;
				CLANG_WARN_STRICT_PROTOTYPES = YES;
				CLANG_WARN_SUSPICIOUS_MOVE = YES;
				CLANG_WARN_UNGUARDED_AVAILABILITY = YES_AGGRESSIVE;
				CLANG_WARN_UNREACHABLE_CODE = YES;
				CLANG_WARN__DUPLICATE_METHOD_MATCH = YES;
				COPY_PHASE_STRIP = NO;
				DEBUG_INFORMATION_FORMAT = "dwarf-with-dsym";
				ENABLE_NS_ASSERTIONS = NO;
				ENABLE_STRICT_OBJC_MSGSEND = YES;
				GCC_C_LANGUAGE_STANDARD = gnu11;
				GCC_NO_COMMON_BLOCKS = YES;
				GCC_WARN_64_TO_32_BIT_CONVERSION = YES;
				GCC_WARN_ABOUT_RETURN_TYPE = YES_ERROR;
				GCC_WARN_UNDECLARED_SELECTOR = YES;
				GCC_WARN_UNINITIALIZED_AUTOS = YES_AGGRESSIVE;
				GCC_WARN_UNUSED_FUNCTION = YES;
				GCC_WARN_UNUSED_VARIABLE = YES;
				IPHONEOS_DEPLOYMENT_TARGET = 16.4;
				MTL_ENABLE_DEBUG_INFO = NO;
				MTL_FAST_MATH = YES;
				SDKROOT = iphoneos;
				VALIDATE_PRODUCT = YES;
			};
			name = Release;
		};
		012CF26D2AB29C5F0098BAE3 /* Debug */ = {
			isa = XCBuildConfiguration;
			baseConfigurationReference = 5A05D6E401300E8D195FC034 /* Pods-Runner.debug.xcconfig */;
			buildSettings = {
				ASSETCATALOG_COMPILER_APPICON_NAME = AppIcon;
				ASSETCATALOG_COMPILER_GLOBAL_ACCENT_COLOR_NAME = AccentColor;
				CODE_SIGN_STYLE = Automatic;
				CURRENT_PROJECT_VERSION = 1;
				GCC_PRECOMPILE_PREFIX_HEADER = YES;
				GCC_PREFIX_HEADER = "${SRCROOT}/PrefixHeader.pch";
				GENERATE_INFOPLIST_FILE = YES;
				INFOPLIST_FILE = Runner/Info.plist;
				INFOPLIST_KEY_UIApplicationSupportsIndirectInputEvents = YES;
				INFOPLIST_KEY_UILaunchStoryboardName = LaunchScreen;
				INFOPLIST_KEY_UIMainStoryboardFile = Main;
				INFOPLIST_KEY_UIRequiresFullScreen = YES;
				INFOPLIST_KEY_UISupportedInterfaceOrientations = "UIInterfaceOrientationLandscapeLeft UIInterfaceOrientationLandscapeRight UIInterfaceOrientationPortrait";
				IPHONEOS_DEPLOYMENT_TARGET = 12.0;
				LD_RUNPATH_SEARCH_PATHS = (
					"$(inherited)",
					"@executable_path/Frameworks",
				);
				MARKETING_VERSION = 1.0.0;
				PRODUCT_BUNDLE_IDENTIFIER = WhiteWhaleTech.Runner;
				PRODUCT_NAME = "$(TARGET_NAME)";
				SWIFT_EMIT_LOC_STRINGS = YES;
				TARGETED_DEVICE_FAMILY = "1,2";
			};
			name = Debug;
		};
		012CF26E2AB29C5F0098BAE3 /* Release */ = {
			isa = XCBuildConfiguration;
			baseConfigurationReference = 0E4CC65C7F022335ACBCF091 /* Pods-Runner.release.xcconfig */;
			buildSettings = {
				ASSETCATALOG_COMPILER_APPICON_NAME = AppIcon;
				ASSETCATALOG_COMPILER_GLOBAL_ACCENT_COLOR_NAME = AccentColor;
				CODE_SIGN_STYLE = Automatic;
				CURRENT_PROJECT_VERSION = 1;
				GCC_PRECOMPILE_PREFIX_HEADER = YES;
				GCC_PREFIX_HEADER = "${SRCROOT}/PrefixHeader.pch";
				GENERATE_INFOPLIST_FILE = YES;
				INFOPLIST_FILE = Runner/Info.plist;
				INFOPLIST_KEY_UIApplicationSupportsIndirectInputEvents = YES;
				INFOPLIST_KEY_UILaunchStoryboardName = LaunchScreen;
				INFOPLIST_KEY_UIMainStoryboardFile = Main;
				INFOPLIST_KEY_UIRequiresFullScreen = YES;
				INFOPLIST_KEY_UISupportedInterfaceOrientations = "UIInterfaceOrientationLandscapeLeft UIInterfaceOrientationLandscapeRight UIInterfaceOrientationPortrait";
				IPHONEOS_DEPLOYMENT_TARGET = 12.0;
				LD_RUNPATH_SEARCH_PATHS = (
					"$(inherited)",
					"@executable_path/Frameworks",
				);
				MARKETING_VERSION = 1.0.0;
				PRODUCT_BUNDLE_IDENTIFIER = WhiteWhaleTech.Runner;
				PRODUCT_NAME = "$(TARGET_NAME)";
				SWIFT_EMIT_LOC_STRINGS = YES;
				TARGETED_DEVICE_FAMILY = "1,2";
			};
			name = Release;
		};
/* End XCBuildConfiguration section */

/* Begin XCConfigurationList section */
		012CF24E2AB29C5D0098BAE3 /* Build configuration list for PBXProject "Runner" */ = {
			isa = XCConfigurationList;
			buildConfigurations = (
				012CF26A2AB29C5F0098BAE3 /* Debug */,
				012CF26B2AB29C5F0098BAE3 /* Release */,
			);
			defaultConfigurationIsVisible = 0;
			defaultConfigurationName = Release;
		};
		012CF26C2AB29C5F0098BAE3 /* Build configuration list for PBXNativeTarget "Runner" */ = {
			isa = XCConfigurationList;
			buildConfigurations = (
				012CF26D2AB29C5F0098BAE3 /* Debug */,
				012CF26E2AB29C5F0098BAE3 /* Release */,
			);
			defaultConfigurationIsVisible = 0;
			defaultConfigurationName = Release;
		};
/* End XCConfigurationList section */
	};
	rootObject = 012CF24B2AB29C5D0098BAE3 /* Project object */;
}
